// !$*UTF8*$!
{
	archiveVersion = 1;
	classes = {
	};
	objectVersion = 46;
	objects = {

/* Begin PBXBuildFile section */
		0207DA581B56EA530066E2B4 /* Images.xcassets in Resources */ = {isa = PBXBuildFile; fileRef = 0207DA571B56EA530066E2B4 /* Images.xcassets */; };
		0366594115AC4A00AF2D8716 /* CDVReachability.m in Sources */ = {isa = PBXBuildFile; fileRef = E4F47DD704554A2D881411AB /* CDVReachability.m */; };
		042D5C8046E74DCDB84DDF75 /* CDVSound.m in Sources */ = {isa = PBXBuildFile; fileRef = 67C9FE6EFE0F4551A0065FD2 /* CDVSound.m */; };
		05E4C58EBE704E6FB1367062 /* CDVLocation.m in Sources */ = {isa = PBXBuildFile; fileRef = DE7D0F3D3FEF44718FDACB66 /* CDVLocation.m */; };
		06BC3506EA704154AC921F04 /* UIImage+CropScaleOrientation.m in Sources */ = {isa = PBXBuildFile; fileRef = 107D17D85C21498E9A448E5C /* UIImage+CropScaleOrientation.m */; };
		0791ED9F7C7346FE9ADB9B79 /* Social.framework in Frameworks */ = {isa = PBXBuildFile; fileRef = 910A5F9D844A40F49D314F4B /* Social.framework */; settings = {ATTRIBUTES = (Weak, ); }; };
		151304CB02154D9CB854F6ED /* CDVAssetLibraryFilesystem.m in Sources */ = {isa = PBXBuildFile; fileRef = BBA10A48AEA94656AC562CE7 /* CDVAssetLibraryFilesystem.m */; };
		19440E40DF0E4179945EDE93 /* SystemConfiguration.framework in Frameworks */ = {isa = PBXBuildFile; fileRef = 593B46CCAEBC41349BAD4C56 /* SystemConfiguration.framework */; settings = {ATTRIBUTES = (Weak, ); }; };
		19557DF7FD9B4D8ABFB1DCFA /* CDVVibration.m in Sources */ = {isa = PBXBuildFile; fileRef = 2CA7B8E3492D4482B4B09D47 /* CDVVibration.m */; };
		1A9142DB8BAD40C5BADA7EFE /* AVFoundation.framework in Frameworks */ = {isa = PBXBuildFile; fileRef = 2A01FCE251AC446F9E29E538 /* AVFoundation.framework */; };
		1C7B5DCC2F0F4091AB971B3A /* AudioToolbox.framework in Frameworks */ = {isa = PBXBuildFile; fileRef = 1BDF289629D44A8CB3CF4FF6 /* AudioToolbox.framework */; settings = {ATTRIBUTES = (Weak, ); }; };
		1D3623260D0F684500981E51 /* AppDelegate.m in Sources */ = {isa = PBXBuildFile; fileRef = 1D3623250D0F684500981E51 /* AppDelegate.m */; };
		1D60589B0D05DD56006BFB54 /* main.m in Sources */ = {isa = PBXBuildFile; fileRef = 29B97316FDCFA39411CA2CEA /* main.m */; };
		1E29012B84C840409C92B4F0 /* CDVFile.m in Sources */ = {isa = PBXBuildFile; fileRef = E687CB0E108B4CC397EFF676 /* CDVFile.m */; };
		231C07BDED6A4AD2853D6760 /* CDVJpegHeaderWriter.m in Sources */ = {isa = PBXBuildFile; fileRef = 3376AD0FF42548CE886D899D /* CDVJpegHeaderWriter.m */; };
		27B2DBB1A9B4449D8EEE87BB /* MessageUI.framework in Frameworks */ = {isa = PBXBuildFile; fileRef = 7C16C41733AC4F22BD75C9E1 /* MessageUI.framework */; settings = {ATTRIBUTES = (Weak, ); }; };
		2BC9181AFB0F433CACD4FDAC /* CDVStatusBar.m in Sources */ = {isa = PBXBuildFile; fileRef = 91FA15DD5B884B12A0A7AABC /* CDVStatusBar.m */; };
		2EE1E51984F3482ABD24EC08 /* CDVDevice.m in Sources */ = {isa = PBXBuildFile; fileRef = F7FE1C9F7EEC4E44B2ADB098 /* CDVDevice.m */; };
		300C7F629F564CADA4C82FF9 /* NSString+SSURLEncoding.m in Sources */ = {isa = PBXBuildFile; fileRef = A278D4B4AE3441FEADF4B578 /* NSString+SSURLEncoding.m */; };
		301BF552109A68D80062928A /* libCordova.a in Frameworks */ = {isa = PBXBuildFile; fileRef = 301BF535109A57CC0062928A /* libCordova.a */; };
		302D95F114D2391D003F00A1 /* MainViewController.m in Sources */ = {isa = PBXBuildFile; fileRef = 302D95EF14D2391D003F00A1 /* MainViewController.m */; };
		302D95F214D2391D003F00A1 /* MainViewController.xib in Resources */ = {isa = PBXBuildFile; fileRef = 302D95F014D2391D003F00A1 /* MainViewController.xib */; };
		352067D462B94986BE5DE368 /* CoreMotion.framework in Frameworks */ = {isa = PBXBuildFile; fileRef = 27497588AE6242539543095B /* CoreMotion.framework */; };
		3600629AC75D4D1995B21BB8 /* CDVContact.m in Sources */ = {isa = PBXBuildFile; fileRef = 9D3251C73A9C4EA3A484221A /* CDVContact.m */; };
		3F395DC77CD44008AF30C5D5 /* AddressBook.framework in Frameworks */ = {isa = PBXBuildFile; fileRef = 7844EA76B88447128D7BAD77 /* AddressBook.framework */; settings = {ATTRIBUTES = (Weak, ); }; };
		430A1BBF3B7D46D18E55CCE2 /* CDVInAppBrowser.m in Sources */ = {isa = PBXBuildFile; fileRef = AEBE405A4A5343D4A65791B0 /* CDVInAppBrowser.m */; };
		4AEDC1DCB17648E4BBEB4B7C /* CDVBattery.m in Sources */ = {isa = PBXBuildFile; fileRef = A0C66937A54A4D1EBDA38875 /* CDVBattery.m */; };
		51B5C79B87284EBCA0F07CBE /* CDVContacts.m in Sources */ = {isa = PBXBuildFile; fileRef = B8702E7D564043D99593F0EB /* CDVContacts.m */; };
		5A2E2A15EDB3444E80350BAD /* PhoneCaller.m in Sources */ = {isa = PBXBuildFile; fileRef = B50DD6472D154BE9920B2422 /* PhoneCaller.m */; };
		5BCE470DB88049C2998016DB /* SocialSharing.m in Sources */ = {isa = PBXBuildFile; fileRef = F571209181C94FCF991A1CAF /* SocialSharing.m */; };
		6AFF5BF91D6E424B00AB3073 /* CDVLaunchScreen.storyboard in Resources */ = {isa = PBXBuildFile; fileRef = 6AFF5BF81D6E424B00AB3073 /* CDVLaunchScreen.storyboard */; };
		71A273FD6DF14A8EAC93334E /* CFCallNumber.m in Sources */ = {isa = PBXBuildFile; fileRef = 125085B69E2F47878CFEC795 /* CFCallNumber.m */; };
		78BE45F761AB454AB6B1ECA6 /* MapKit.framework in Frameworks */ = {isa = PBXBuildFile; fileRef = B62C9780BF9445F3B5DC7319 /* MapKit.framework */; };
		81882659DA804271A31127E5 /* CoreLocation.framework in Frameworks */ = {isa = PBXBuildFile; fileRef = 914D42E6FA6E4982B060CEB8 /* CoreLocation.framework */; };
		896201F2C41F4004B3594B11 /* CDVNotification.bundle in Resources */ = {isa = PBXBuildFile; fileRef = 30A826E84B2A419EA37583ED /* CDVNotification.bundle */; };
		8D39BBC745B94CA4ACAAF202 /* CDVCompass.m in Sources */ = {isa = PBXBuildFile; fileRef = E15D19FC397C4C6E8E31A6BF /* CDVCompass.m */; };
		8E59BF0961AD487D8D0A2C60 /* CDVFileTransfer.m in Sources */ = {isa = PBXBuildFile; fileRef = 4ADC0D02CBB6445DABE675C2 /* CDVFileTransfer.m */; };
		97B7CFEFB04E4297AF5E70B1 /* CDVCapture.bundle in Resources */ = {isa = PBXBuildFile; fileRef = 23B9F1DE0C3046BA8BF4C971 /* CDVCapture.bundle */; };
		9AAACA5A4C15421EAC12E757 /* CDVNotification.m in Sources */ = {isa = PBXBuildFile; fileRef = D58A178FD4A04B9890546C7A /* CDVNotification.m */; };
		A00CB41600B84BD9920D0CE7 /* CDVLogger.m in Sources */ = {isa = PBXBuildFile; fileRef = CB0EE2399C384889A6173705 /* CDVLogger.m */; };
		A11FC711486E4DAEBF287B05 /* CDVCapture.m in Sources */ = {isa = PBXBuildFile; fileRef = 67F4FF0ED8434A959F31078C /* CDVCapture.m */; };
		A3DA39C6B57E48B49ACCC2E3 /* CDVCamera.m in Sources */ = {isa = PBXBuildFile; fileRef = 52B6239AF99041FABBEB1D7A /* CDVCamera.m */; };
		A7AED837BD8C46D28D5798E0 /* libz.tbd in Frameworks */ = {isa = PBXBuildFile; fileRef = 3BA4B79FA4E847FD8B6298D3 /* libz.tbd */; };
		A98087EEC246441C8BDEC77C /* CoreTelephony.framework in Frameworks */ = {isa = PBXBuildFile; fileRef = CFA77E80A109432BBB296E4F /* CoreTelephony.framework */; };
		B5531E25657E4C7BB8C18B78 /* ImageIO.framework in Frameworks */ = {isa = PBXBuildFile; fileRef = 8DC65D23CB2F42C1A32A07AB /* ImageIO.framework */; settings = {ATTRIBUTES = (Weak, ); }; };
		C7AE9C7065804450935393AB /* CDVConnection.m in Sources */ = {isa = PBXBuildFile; fileRef = 0BCB0EF997A04BFFA5695ECC /* CDVConnection.m */; };
		D9283E007C4C4A41AC64DC2D /* ActionSheet.m in Sources */ = {isa = PBXBuildFile; fileRef = AD1EB26174EE4C98A724BEA5 /* ActionSheet.m */; };
		D98C632F3A0647CA84927419 /* CDVLocalFilesystem.m in Sources */ = {isa = PBXBuildFile; fileRef = A6FE3FA893654DD28416348E /* CDVLocalFilesystem.m */; };
		EB45EED28ECE4B5480E22957 /* CDVGlobalization.m in Sources */ = {isa = PBXBuildFile; fileRef = 02F7CDC5ED9B410AA1D77397 /* CDVGlobalization.m */; };
		F34AC7D079F7414B98FD468D /* AddressBookUI.framework in Frameworks */ = {isa = PBXBuildFile; fileRef = D088B96473B94FB4BE2112F0 /* AddressBookUI.framework */; settings = {ATTRIBUTES = (Weak, ); }; };
		F41022632F1C4D998C0027F7 /* CDVAccelerometer.m in Sources */ = {isa = PBXBuildFile; fileRef = 53F33D89DB59442485CF0E69 /* CDVAccelerometer.m */; };
		FB5412EAD98340C8B68959D5 /* CMMapLauncher.m in Sources */ = {isa = PBXBuildFile; fileRef = 71A45C01B208462F807A9292 /* CMMapLauncher.m */; };
		FF2F664B98394961AA0E5B9B /* LaunchNavigator.m in Sources */ = {isa = PBXBuildFile; fileRef = 645FAC310BD54F38B0FDFC60 /* LaunchNavigator.m */; };
/* End PBXBuildFile section */

/* Begin PBXContainerItemProxy section */
		301BF534109A57CC0062928A /* PBXContainerItemProxy */ = {
			isa = PBXContainerItemProxy;
			containerPortal = 301BF52D109A57CC0062928A /* CordovaLib/CordovaLib.xcodeproj */;
			proxyType = 2;
			remoteGlobalIDString = D2AAC07E0554694100DB518D;
			remoteInfo = CordovaLib;
		};
		301BF550109A68C00062928A /* PBXContainerItemProxy */ = {
			isa = PBXContainerItemProxy;
			containerPortal = 301BF52D109A57CC0062928A /* CordovaLib/CordovaLib.xcodeproj */;
			proxyType = 1;
			remoteGlobalIDString = D2AAC07D0554694100DB518D;
			remoteInfo = CordovaLib;
		};
		E96F34BF1EFBA88400296A7F /* PBXContainerItemProxy */ = {
			isa = PBXContainerItemProxy;
			containerPortal = 301BF52D109A57CC0062928A /* CordovaLib/CordovaLib.xcodeproj */;
			proxyType = 2;
			remoteGlobalIDString = C0C01EB21E3911D50056E6CB;
			remoteInfo = Cordova;
		};
/* End PBXContainerItemProxy section */

/* Begin PBXFileReference section */
		0207DA571B56EA530066E2B4 /* Images.xcassets */ = {isa = PBXFileReference; lastKnownFileType = folder.assetcatalog; name = Images.xcassets; path = VosgesEmoi/Images.xcassets; sourceTree = SOURCE_ROOT; };
		02F7CDC5ED9B410AA1D77397 /* CDVGlobalization.m */ = {isa = PBXFileReference; explicitFileType = undefined; fileEncoding = 4; includeInIndex = 0; lastKnownFileType = sourcecode.c.objc; name = CDVGlobalization.m; path = "cordova-plugin-globalization/CDVGlobalization.m"; sourceTree = "<group>"; };
		0B21F39D25E741C6A84E893C /* CDVInAppBrowser.h */ = {isa = PBXFileReference; explicitFileType = undefined; fileEncoding = 4; includeInIndex = 0; lastKnownFileType = sourcecode.c.h; name = CDVInAppBrowser.h; path = "cordova-plugin-inappbrowser/CDVInAppBrowser.h"; sourceTree = "<group>"; };
		0BCB0EF997A04BFFA5695ECC /* CDVConnection.m */ = {isa = PBXFileReference; explicitFileType = undefined; fileEncoding = 4; includeInIndex = 0; lastKnownFileType = sourcecode.c.objc; name = CDVConnection.m; path = "cordova-plugin-network-information/CDVConnection.m"; sourceTree = "<group>"; };
		0C54171928B54EFFB1CC2143 /* CDVBattery.h */ = {isa = PBXFileReference; explicitFileType = undefined; fileEncoding = 4; includeInIndex = 0; lastKnownFileType = sourcecode.c.h; name = CDVBattery.h; path = "cordova-plugin-battery-status/CDVBattery.h"; sourceTree = "<group>"; };
		0D3E51F48E1B437DB03D82D9 /* CDVCamera.h */ = {isa = PBXFileReference; explicitFileType = undefined; fileEncoding = 4; includeInIndex = 0; lastKnownFileType = sourcecode.c.h; name = CDVCamera.h; path = "cordova-plugin-camera/CDVCamera.h"; sourceTree = "<group>"; };
		105FCD84A09B4D24990CB840 /* CDVAssetLibraryFilesystem.h */ = {isa = PBXFileReference; explicitFileType = undefined; fileEncoding = 4; includeInIndex = 0; lastKnownFileType = sourcecode.c.h; name = CDVAssetLibraryFilesystem.h; path = "cordova-plugin-file/CDVAssetLibraryFilesystem.h"; sourceTree = "<group>"; };
		107D17D85C21498E9A448E5C /* UIImage+CropScaleOrientation.m */ = {isa = PBXFileReference; explicitFileType = undefined; fileEncoding = 4; includeInIndex = 0; lastKnownFileType = sourcecode.c.objc; name = "UIImage+CropScaleOrientation.m"; path = "cordova-plugin-camera/UIImage+CropScaleOrientation.m"; sourceTree = "<group>"; };
		12028E9A5A9E46F6AEE162DF /* CFCallNumber.h */ = {isa = PBXFileReference; explicitFileType = undefined; fileEncoding = 4; includeInIndex = 0; lastKnownFileType = sourcecode.c.h; name = CFCallNumber.h; path = "call-number/CFCallNumber.h"; sourceTree = "<group>"; };
		125085B69E2F47878CFEC795 /* CFCallNumber.m */ = {isa = PBXFileReference; explicitFileType = undefined; fileEncoding = 4; includeInIndex = 0; lastKnownFileType = sourcecode.c.objc; name = CFCallNumber.m; path = "call-number/CFCallNumber.m"; sourceTree = "<group>"; };
		160EDBBA6ADB4FE0B4D3E8D0 /* CDVAccelerometer.h */ = {isa = PBXFileReference; explicitFileType = undefined; fileEncoding = 4; includeInIndex = 0; lastKnownFileType = sourcecode.c.h; name = CDVAccelerometer.h; path = "cordova-plugin-device-motion/CDVAccelerometer.h"; sourceTree = "<group>"; };
		1661DFD9D05644749B2D070C /* CDVLocalFilesystem.h */ = {isa = PBXFileReference; explicitFileType = undefined; fileEncoding = 4; includeInIndex = 0; lastKnownFileType = sourcecode.c.h; name = CDVLocalFilesystem.h; path = "cordova-plugin-file/CDVLocalFilesystem.h"; sourceTree = "<group>"; };
		166C6BFB9CBB446680B22765 /* CDVStatusBar.h */ = {isa = PBXFileReference; explicitFileType = undefined; fileEncoding = 4; includeInIndex = 0; lastKnownFileType = sourcecode.c.h; name = CDVStatusBar.h; path = "cordova-plugin-statusbar/CDVStatusBar.h"; sourceTree = "<group>"; };
		1858B5D91CC04F9CAC961A52 /* CDVGlobalization.h */ = {isa = PBXFileReference; explicitFileType = undefined; fileEncoding = 4; includeInIndex = 0; lastKnownFileType = sourcecode.c.h; name = CDVGlobalization.h; path = "cordova-plugin-globalization/CDVGlobalization.h"; sourceTree = "<group>"; };
		1BDF289629D44A8CB3CF4FF6 /* AudioToolbox.framework */ = {isa = PBXFileReference; explicitFileType = undefined; fileEncoding = 9; includeInIndex = 0; lastKnownFileType = wrapper.framework; name = AudioToolbox.framework; path = System/Library/Frameworks/AudioToolbox.framework; sourceTree = SDKROOT; };
		1D3623240D0F684500981E51 /* AppDelegate.h */ = {isa = PBXFileReference; fileEncoding = 4; lastKnownFileType = sourcecode.c.h; path = AppDelegate.h; sourceTree = "<group>"; };
		1D3623250D0F684500981E51 /* AppDelegate.m */ = {isa = PBXFileReference; fileEncoding = 4; lastKnownFileType = sourcecode.c.objc; path = AppDelegate.m; sourceTree = "<group>"; };
		1D6058910D05DD3D006BFB54 /* VosgesEmoi.app */ = {isa = PBXFileReference; explicitFileType = wrapper.application; includeInIndex = 0; path = VosgesEmoi.app; sourceTree = BUILT_PRODUCTS_DIR; };
		1DAF0030504C4B6B8540D92F /* ActionSheet.h */ = {isa = PBXFileReference; explicitFileType = undefined; fileEncoding = 4; includeInIndex = 0; lastKnownFileType = sourcecode.c.h; name = ActionSheet.h; path = "cordova-plugin-actionsheet/ActionSheet.h"; sourceTree = "<group>"; };
		23B9F1DE0C3046BA8BF4C971 /* CDVCapture.bundle */ = {isa = PBXFileReference; explicitFileType = undefined; fileEncoding = 9; includeInIndex = 0; lastKnownFileType = "wrapper.plug-in"; path = CDVCapture.bundle; sourceTree = "<group>"; };
		27497588AE6242539543095B /* CoreMotion.framework */ = {isa = PBXFileReference; explicitFileType = undefined; fileEncoding = 9; includeInIndex = 0; lastKnownFileType = wrapper.framework; name = CoreMotion.framework; path = System/Library/Frameworks/CoreMotion.framework; sourceTree = SDKROOT; };
		27F99B968E5D4F388BF9A465 /* CDVReachability.h */ = {isa = PBXFileReference; explicitFileType = undefined; fileEncoding = 4; includeInIndex = 0; lastKnownFileType = sourcecode.c.h; name = CDVReachability.h; path = "cordova-plugin-network-information/CDVReachability.h"; sourceTree = "<group>"; };
		29B97316FDCFA39411CA2CEA /* main.m */ = {isa = PBXFileReference; fileEncoding = 4; lastKnownFileType = sourcecode.c.objc; path = main.m; sourceTree = "<group>"; };
		2A01FCE251AC446F9E29E538 /* AVFoundation.framework */ = {isa = PBXFileReference; explicitFileType = undefined; fileEncoding = 9; includeInIndex = 0; lastKnownFileType = wrapper.framework; name = AVFoundation.framework; path = System/Library/Frameworks/AVFoundation.framework; sourceTree = SDKROOT; };
		2CA7B8E3492D4482B4B09D47 /* CDVVibration.m */ = {isa = PBXFileReference; explicitFileType = undefined; fileEncoding = 4; includeInIndex = 0; lastKnownFileType = sourcecode.c.objc; name = CDVVibration.m; path = "cordova-plugin-vibration/CDVVibration.m"; sourceTree = "<group>"; };
		2D4D2F7F51D44EB69C73D2F9 /* CMMapLauncher.h */ = {isa = PBXFileReference; explicitFileType = undefined; fileEncoding = 4; includeInIndex = 0; lastKnownFileType = sourcecode.c.h; name = CMMapLauncher.h; path = uk.co.workingedge.phonegap.plugin.launchnavigator/CMMapLauncher.h; sourceTree = "<group>"; };
		301BF52D109A57CC0062928A /* CordovaLib/CordovaLib.xcodeproj */ = {isa = PBXFileReference; lastKnownFileType = "wrapper.pb-project"; path = CordovaLib/CordovaLib.xcodeproj; sourceTree = "<group>"; };
		301BF56E109A69640062928A /* www */ = {isa = PBXFileReference; lastKnownFileType = folder; path = www; sourceTree = SOURCE_ROOT; };
		302D95EE14D2391D003F00A1 /* MainViewController.h */ = {isa = PBXFileReference; fileEncoding = 4; lastKnownFileType = sourcecode.c.h; path = MainViewController.h; sourceTree = "<group>"; };
		302D95EF14D2391D003F00A1 /* MainViewController.m */ = {isa = PBXFileReference; fileEncoding = 4; lastKnownFileType = sourcecode.c.objc; path = MainViewController.m; sourceTree = "<group>"; };
		302D95F014D2391D003F00A1 /* MainViewController.xib */ = {isa = PBXFileReference; fileEncoding = 4; lastKnownFileType = file.xib; path = MainViewController.xib; sourceTree = "<group>"; };
		3047A50F1AB8059700498E2A /* build-debug.xcconfig */ = {isa = PBXFileReference; fileEncoding = 4; lastKnownFileType = text.xcconfig; name = "build-debug.xcconfig"; path = "cordova/build-debug.xcconfig"; sourceTree = SOURCE_ROOT; };
		3047A5101AB8059700498E2A /* build-release.xcconfig */ = {isa = PBXFileReference; fileEncoding = 4; lastKnownFileType = text.xcconfig; name = "build-release.xcconfig"; path = "cordova/build-release.xcconfig"; sourceTree = SOURCE_ROOT; };
		3047A5111AB8059700498E2A /* build.xcconfig */ = {isa = PBXFileReference; fileEncoding = 4; lastKnownFileType = text.xcconfig; name = build.xcconfig; path = cordova/build.xcconfig; sourceTree = SOURCE_ROOT; };
		30A826E84B2A419EA37583ED /* CDVNotification.bundle */ = {isa = PBXFileReference; explicitFileType = undefined; fileEncoding = 9; includeInIndex = 0; lastKnownFileType = "wrapper.plug-in"; path = CDVNotification.bundle; sourceTree = "<group>"; };
		32CA4F630368D1EE00C91783 /* VosgesEmoi-Prefix.pch */ = {isa = PBXFileReference; fileEncoding = 4; lastKnownFileType = sourcecode.c.h; path = "VosgesEmoi-Prefix.pch"; sourceTree = "<group>"; };
		3376AD0FF42548CE886D899D /* CDVJpegHeaderWriter.m */ = {isa = PBXFileReference; explicitFileType = undefined; fileEncoding = 4; includeInIndex = 0; lastKnownFileType = sourcecode.c.objc; name = CDVJpegHeaderWriter.m; path = "cordova-plugin-camera/CDVJpegHeaderWriter.m"; sourceTree = "<group>"; };
		35C384D79D564E84BFA535D7 /* NSString+SSURLEncoding.h */ = {isa = PBXFileReference; explicitFileType = undefined; fileEncoding = 4; includeInIndex = 0; lastKnownFileType = sourcecode.c.h; name = "NSString+SSURLEncoding.h"; path = "cordova-plugin-x-socialsharing/NSString+SSURLEncoding.h"; sourceTree = "<group>"; };
		3899BFC33CD8480C86714C9E /* CDVConnection.h */ = {isa = PBXFileReference; explicitFileType = undefined; fileEncoding = 4; includeInIndex = 0; lastKnownFileType = sourcecode.c.h; name = CDVConnection.h; path = "cordova-plugin-network-information/CDVConnection.h"; sourceTree = "<group>"; };
		3BA4B79FA4E847FD8B6298D3 /* libz.tbd */ = {isa = PBXFileReference; explicitFileType = undefined; fileEncoding = 9; includeInIndex = 0; lastKnownFileType = "sourcecode.text-based-dylib-definition"; name = libz.tbd; path = usr/lib/libz.tbd; sourceTree = SDKROOT; };
		3FC007F6683E49389C123B3B /* CDVContact.h */ = {isa = PBXFileReference; explicitFileType = undefined; fileEncoding = 4; includeInIndex = 0; lastKnownFileType = sourcecode.c.h; name = CDVContact.h; path = "cordova-plugin-contacts/CDVContact.h"; sourceTree = "<group>"; };
		45E0DBE5D89940AB9CBEF31F /* CDVNotification.h */ = {isa = PBXFileReference; explicitFileType = undefined; fileEncoding = 4; includeInIndex = 0; lastKnownFileType = sourcecode.c.h; name = CDVNotification.h; path = "cordova-plugin-dialogs/CDVNotification.h"; sourceTree = "<group>"; };
		466E24A50A11485EAFFEAD30 /* CDVLogger.h */ = {isa = PBXFileReference; explicitFileType = undefined; fileEncoding = 4; includeInIndex = 0; lastKnownFileType = sourcecode.c.h; name = CDVLogger.h; path = "cordova-plugin-console/CDVLogger.h"; sourceTree = "<group>"; };
		4ADC0D02CBB6445DABE675C2 /* CDVFileTransfer.m */ = {isa = PBXFileReference; explicitFileType = undefined; fileEncoding = 4; includeInIndex = 0; lastKnownFileType = sourcecode.c.objc; name = CDVFileTransfer.m; path = "cordova-plugin-file-transfer/CDVFileTransfer.m"; sourceTree = "<group>"; };
		526A6488F16E4A26A778DDB7 /* CDVFileTransfer.h */ = {isa = PBXFileReference; explicitFileType = undefined; fileEncoding = 4; includeInIndex = 0; lastKnownFileType = sourcecode.c.h; name = CDVFileTransfer.h; path = "cordova-plugin-file-transfer/CDVFileTransfer.h"; sourceTree = "<group>"; };
		52B6239AF99041FABBEB1D7A /* CDVCamera.m */ = {isa = PBXFileReference; explicitFileType = undefined; fileEncoding = 4; includeInIndex = 0; lastKnownFileType = sourcecode.c.objc; name = CDVCamera.m; path = "cordova-plugin-camera/CDVCamera.m"; sourceTree = "<group>"; };
		53F33D89DB59442485CF0E69 /* CDVAccelerometer.m */ = {isa = PBXFileReference; explicitFileType = undefined; fileEncoding = 4; includeInIndex = 0; lastKnownFileType = sourcecode.c.objc; name = CDVAccelerometer.m; path = "cordova-plugin-device-motion/CDVAccelerometer.m"; sourceTree = "<group>"; };
		593B46CCAEBC41349BAD4C56 /* SystemConfiguration.framework */ = {isa = PBXFileReference; explicitFileType = undefined; fileEncoding = 9; includeInIndex = 0; lastKnownFileType = wrapper.framework; name = SystemConfiguration.framework; path = System/Library/Frameworks/SystemConfiguration.framework; sourceTree = SDKROOT; };
		645FAC310BD54F38B0FDFC60 /* LaunchNavigator.m */ = {isa = PBXFileReference; explicitFileType = undefined; fileEncoding = 4; includeInIndex = 0; lastKnownFileType = sourcecode.c.objc; name = LaunchNavigator.m; path = uk.co.workingedge.phonegap.plugin.launchnavigator/LaunchNavigator.m; sourceTree = "<group>"; };
		67C9FE6EFE0F4551A0065FD2 /* CDVSound.m */ = {isa = PBXFileReference; explicitFileType = undefined; fileEncoding = 4; includeInIndex = 0; lastKnownFileType = sourcecode.c.objc; name = CDVSound.m; path = "cordova-plugin-media/CDVSound.m"; sourceTree = "<group>"; };
		67F4FF0ED8434A959F31078C /* CDVCapture.m */ = {isa = PBXFileReference; explicitFileType = undefined; fileEncoding = 4; includeInIndex = 0; lastKnownFileType = sourcecode.c.objc; name = CDVCapture.m; path = "cordova-plugin-media-capture/CDVCapture.m"; sourceTree = "<group>"; };
		6AFF5BF81D6E424B00AB3073 /* CDVLaunchScreen.storyboard */ = {isa = PBXFileReference; fileEncoding = 4; lastKnownFileType = file.storyboard; name = CDVLaunchScreen.storyboard; path = VosgesEmoi/CDVLaunchScreen.storyboard; sourceTree = SOURCE_ROOT; };
		717D471DAAB14C49BAEB6B9E /* CDVJpegHeaderWriter.h */ = {isa = PBXFileReference; explicitFileType = undefined; fileEncoding = 4; includeInIndex = 0; lastKnownFileType = sourcecode.c.h; name = CDVJpegHeaderWriter.h; path = "cordova-plugin-camera/CDVJpegHeaderWriter.h"; sourceTree = "<group>"; };
		71A45C01B208462F807A9292 /* CMMapLauncher.m */ = {isa = PBXFileReference; explicitFileType = undefined; fileEncoding = 4; includeInIndex = 0; lastKnownFileType = sourcecode.c.objc; name = CMMapLauncher.m; path = uk.co.workingedge.phonegap.plugin.launchnavigator/CMMapLauncher.m; sourceTree = "<group>"; };
		7369A3DE2CDE4ACFB007F8A4 /* SocialSharing.h */ = {isa = PBXFileReference; explicitFileType = undefined; fileEncoding = 4; includeInIndex = 0; lastKnownFileType = sourcecode.c.h; name = SocialSharing.h; path = "cordova-plugin-x-socialsharing/SocialSharing.h"; sourceTree = "<group>"; };
		77412D327F304750A0B10665 /* CDVContacts.h */ = {isa = PBXFileReference; explicitFileType = undefined; fileEncoding = 4; includeInIndex = 0; lastKnownFileType = sourcecode.c.h; name = CDVContacts.h; path = "cordova-plugin-contacts/CDVContacts.h"; sourceTree = "<group>"; };
		7844EA76B88447128D7BAD77 /* AddressBook.framework */ = {isa = PBXFileReference; explicitFileType = undefined; fileEncoding = 9; includeInIndex = 0; lastKnownFileType = wrapper.framework; name = AddressBook.framework; path = System/Library/Frameworks/AddressBook.framework; sourceTree = SDKROOT; };
		7A76DE7A1C1B48FFB50999E6 /* CDVLocation.h */ = {isa = PBXFileReference; explicitFileType = undefined; fileEncoding = 4; includeInIndex = 0; lastKnownFileType = sourcecode.c.h; name = CDVLocation.h; path = "cordova-plugin-geolocation/CDVLocation.h"; sourceTree = "<group>"; };
		7AB2A7C6AC4347419AFCCFCF /* CDVSound.h */ = {isa = PBXFileReference; explicitFileType = undefined; fileEncoding = 4; includeInIndex = 0; lastKnownFileType = sourcecode.c.h; name = CDVSound.h; path = "cordova-plugin-media/CDVSound.h"; sourceTree = "<group>"; };
		7C16C41733AC4F22BD75C9E1 /* MessageUI.framework */ = {isa = PBXFileReference; explicitFileType = undefined; fileEncoding = 9; includeInIndex = 0; lastKnownFileType = wrapper.framework; name = MessageUI.framework; path = System/Library/Frameworks/MessageUI.framework; sourceTree = SDKROOT; };
		8D1107310486CEB800E47090 /* VosgesEmoi-Info.plist */ = {isa = PBXFileReference; fileEncoding = 4; lastKnownFileType = text.plist.xml; name = "VosgesEmoi-Info.plist"; path = "VosgesEmoi/VosgesEmoi-Info.plist"; plistStructureDefinitionIdentifier = "com.apple.xcode.plist.structure-definition.iphone.info-plist"; sourceTree = SOURCE_ROOT; };
		8DC65D23CB2F42C1A32A07AB /* ImageIO.framework */ = {isa = PBXFileReference; explicitFileType = undefined; fileEncoding = 9; includeInIndex = 0; lastKnownFileType = wrapper.framework; name = ImageIO.framework; path = System/Library/Frameworks/ImageIO.framework; sourceTree = SDKROOT; };
		910A5F9D844A40F49D314F4B /* Social.framework */ = {isa = PBXFileReference; explicitFileType = undefined; fileEncoding = 9; includeInIndex = 0; lastKnownFileType = wrapper.framework; name = Social.framework; path = System/Library/Frameworks/Social.framework; sourceTree = SDKROOT; };
		914D42E6FA6E4982B060CEB8 /* CoreLocation.framework */ = {isa = PBXFileReference; explicitFileType = undefined; fileEncoding = 9; includeInIndex = 0; lastKnownFileType = wrapper.framework; name = CoreLocation.framework; path = System/Library/Frameworks/CoreLocation.framework; sourceTree = SDKROOT; };
		91FA15DD5B884B12A0A7AABC /* CDVStatusBar.m */ = {isa = PBXFileReference; explicitFileType = undefined; fileEncoding = 4; includeInIndex = 0; lastKnownFileType = sourcecode.c.objc; name = CDVStatusBar.m; path = "cordova-plugin-statusbar/CDVStatusBar.m"; sourceTree = "<group>"; };
		9C41474DD72343E6AF64F3AD /* CDVCompass.h */ = {isa = PBXFileReference; explicitFileType = undefined; fileEncoding = 4; includeInIndex = 0; lastKnownFileType = sourcecode.c.h; name = CDVCompass.h; path = "cordova-plugin-device-orientation/CDVCompass.h"; sourceTree = "<group>"; };
		9D3251C73A9C4EA3A484221A /* CDVContact.m */ = {isa = PBXFileReference; explicitFileType = undefined; fileEncoding = 4; includeInIndex = 0; lastKnownFileType = sourcecode.c.objc; name = CDVContact.m; path = "cordova-plugin-contacts/CDVContact.m"; sourceTree = "<group>"; };
		9E42753F592A47EAA354C801 /* CDVVibration.h */ = {isa = PBXFileReference; explicitFileType = undefined; fileEncoding = 4; includeInIndex = 0; lastKnownFileType = sourcecode.c.h; name = CDVVibration.h; path = "cordova-plugin-vibration/CDVVibration.h"; sourceTree = "<group>"; };
		A0C66937A54A4D1EBDA38875 /* CDVBattery.m */ = {isa = PBXFileReference; explicitFileType = undefined; fileEncoding = 4; includeInIndex = 0; lastKnownFileType = sourcecode.c.objc; name = CDVBattery.m; path = "cordova-plugin-battery-status/CDVBattery.m"; sourceTree = "<group>"; };
		A278D4B4AE3441FEADF4B578 /* NSString+SSURLEncoding.m */ = {isa = PBXFileReference; explicitFileType = undefined; fileEncoding = 4; includeInIndex = 0; lastKnownFileType = sourcecode.c.objc; name = "NSString+SSURLEncoding.m"; path = "cordova-plugin-x-socialsharing/NSString+SSURLEncoding.m"; sourceTree = "<group>"; };
		A6FE3FA893654DD28416348E /* CDVLocalFilesystem.m */ = {isa = PBXFileReference; explicitFileType = undefined; fileEncoding = 4; includeInIndex = 0; lastKnownFileType = sourcecode.c.objc; name = CDVLocalFilesystem.m; path = "cordova-plugin-file/CDVLocalFilesystem.m"; sourceTree = "<group>"; };
		AD1EB26174EE4C98A724BEA5 /* ActionSheet.m */ = {isa = PBXFileReference; explicitFileType = undefined; fileEncoding = 4; includeInIndex = 0; lastKnownFileType = sourcecode.c.objc; name = ActionSheet.m; path = "cordova-plugin-actionsheet/ActionSheet.m"; sourceTree = "<group>"; };
		AEBE405A4A5343D4A65791B0 /* CDVInAppBrowser.m */ = {isa = PBXFileReference; explicitFileType = undefined; fileEncoding = 4; includeInIndex = 0; lastKnownFileType = sourcecode.c.objc; name = CDVInAppBrowser.m; path = "cordova-plugin-inappbrowser/CDVInAppBrowser.m"; sourceTree = "<group>"; };
		B1A1956CB49D4E4AB7F842C2 /* CDVExif.h */ = {isa = PBXFileReference; explicitFileType = undefined; fileEncoding = 4; includeInIndex = 0; lastKnownFileType = sourcecode.c.h; name = CDVExif.h; path = "cordova-plugin-camera/CDVExif.h"; sourceTree = "<group>"; };
		B50DD6472D154BE9920B2422 /* PhoneCaller.m */ = {isa = PBXFileReference; explicitFileType = undefined; fileEncoding = 4; includeInIndex = 0; lastKnownFileType = sourcecode.c.objc; name = PhoneCaller.m; path = "cordova-plugin-phonecaller/PhoneCaller.m"; sourceTree = "<group>"; };
		B62C9780BF9445F3B5DC7319 /* MapKit.framework */ = {isa = PBXFileReference; explicitFileType = undefined; fileEncoding = 9; includeInIndex = 0; lastKnownFileType = wrapper.framework; name = MapKit.framework; path = System/Library/Frameworks/MapKit.framework; sourceTree = SDKROOT; };
		B8702E7D564043D99593F0EB /* CDVContacts.m */ = {isa = PBXFileReference; explicitFileType = undefined; fileEncoding = 4; includeInIndex = 0; lastKnownFileType = sourcecode.c.objc; name = CDVContacts.m; path = "cordova-plugin-contacts/CDVContacts.m"; sourceTree = "<group>"; };
		BBA10A48AEA94656AC562CE7 /* CDVAssetLibraryFilesystem.m */ = {isa = PBXFileReference; explicitFileType = undefined; fileEncoding = 4; includeInIndex = 0; lastKnownFileType = sourcecode.c.objc; name = CDVAssetLibraryFilesystem.m; path = "cordova-plugin-file/CDVAssetLibraryFilesystem.m"; sourceTree = "<group>"; };
		C07516DAA6D349E4B0E48DEE /* CDVFile.h */ = {isa = PBXFileReference; explicitFileType = undefined; fileEncoding = 4; includeInIndex = 0; lastKnownFileType = sourcecode.c.h; name = CDVFile.h; path = "cordova-plugin-file/CDVFile.h"; sourceTree = "<group>"; };
		C4023933B2494EB68C0AF9D9 /* CDVCapture.h */ = {isa = PBXFileReference; explicitFileType = undefined; fileEncoding = 4; includeInIndex = 0; lastKnownFileType = sourcecode.c.h; name = CDVCapture.h; path = "cordova-plugin-media-capture/CDVCapture.h"; sourceTree = "<group>"; };
		CB0EE2399C384889A6173705 /* CDVLogger.m */ = {isa = PBXFileReference; explicitFileType = undefined; fileEncoding = 4; includeInIndex = 0; lastKnownFileType = sourcecode.c.objc; name = CDVLogger.m; path = "cordova-plugin-console/CDVLogger.m"; sourceTree = "<group>"; };
		CFA77E80A109432BBB296E4F /* CoreTelephony.framework */ = {isa = PBXFileReference; explicitFileType = undefined; fileEncoding = 9; includeInIndex = 0; lastKnownFileType = wrapper.framework; name = CoreTelephony.framework; path = System/Library/Frameworks/CoreTelephony.framework; sourceTree = SDKROOT; };
		D088B96473B94FB4BE2112F0 /* AddressBookUI.framework */ = {isa = PBXFileReference; explicitFileType = undefined; fileEncoding = 9; includeInIndex = 0; lastKnownFileType = wrapper.framework; name = AddressBookUI.framework; path = System/Library/Frameworks/AddressBookUI.framework; sourceTree = SDKROOT; };
		D58A178FD4A04B9890546C7A /* CDVNotification.m */ = {isa = PBXFileReference; explicitFileType = undefined; fileEncoding = 4; includeInIndex = 0; lastKnownFileType = sourcecode.c.objc; name = CDVNotification.m; path = "cordova-plugin-dialogs/CDVNotification.m"; sourceTree = "<group>"; };
		DE7D0F3D3FEF44718FDACB66 /* CDVLocation.m */ = {isa = PBXFileReference; explicitFileType = undefined; fileEncoding = 4; includeInIndex = 0; lastKnownFileType = sourcecode.c.objc; name = CDVLocation.m; path = "cordova-plugin-geolocation/CDVLocation.m"; sourceTree = "<group>"; };
		DF2219B378D746A99878D5D9 /* CDVDevice.h */ = {isa = PBXFileReference; explicitFileType = undefined; fileEncoding = 4; includeInIndex = 0; lastKnownFileType = sourcecode.c.h; name = CDVDevice.h; path = "cordova-plugin-device/CDVDevice.h"; sourceTree = "<group>"; };
		E15D19FC397C4C6E8E31A6BF /* CDVCompass.m */ = {isa = PBXFileReference; explicitFileType = undefined; fileEncoding = 4; includeInIndex = 0; lastKnownFileType = sourcecode.c.objc; name = CDVCompass.m; path = "cordova-plugin-device-orientation/CDVCompass.m"; sourceTree = "<group>"; };
		E4F47DD704554A2D881411AB /* CDVReachability.m */ = {isa = PBXFileReference; explicitFileType = undefined; fileEncoding = 4; includeInIndex = 0; lastKnownFileType = sourcecode.c.objc; name = CDVReachability.m; path = "cordova-plugin-network-information/CDVReachability.m"; sourceTree = "<group>"; };
		E687CB0E108B4CC397EFF676 /* CDVFile.m */ = {isa = PBXFileReference; explicitFileType = undefined; fileEncoding = 4; includeInIndex = 0; lastKnownFileType = sourcecode.c.objc; name = CDVFile.m; path = "cordova-plugin-file/CDVFile.m"; sourceTree = "<group>"; };
		EB87FDF31871DA8E0020F90C /* www */ = {isa = PBXFileReference; lastKnownFileType = folder; name = www; path = ../../www; sourceTree = "<group>"; };
		EB87FDF41871DAF40020F90C /* config.xml */ = {isa = PBXFileReference; lastKnownFileType = text.xml; name = config.xml; path = ../../config.xml; sourceTree = "<group>"; };
		ED33DF2A687741AEAF9F8254 /* Bridging-Header.h */ = {isa = PBXFileReference; fileEncoding = 4; lastKnownFileType = sourcecode.c.h; path = "Bridging-Header.h"; sourceTree = "<group>"; };
		F571209181C94FCF991A1CAF /* SocialSharing.m */ = {isa = PBXFileReference; explicitFileType = undefined; fileEncoding = 4; includeInIndex = 0; lastKnownFileType = sourcecode.c.objc; name = SocialSharing.m; path = "cordova-plugin-x-socialsharing/SocialSharing.m"; sourceTree = "<group>"; };
		F7FE1C9F7EEC4E44B2ADB098 /* CDVDevice.m */ = {isa = PBXFileReference; explicitFileType = undefined; fileEncoding = 4; includeInIndex = 0; lastKnownFileType = sourcecode.c.objc; name = CDVDevice.m; path = "cordova-plugin-device/CDVDevice.m"; sourceTree = "<group>"; };
		F840E1F0165FE0F500CFE078 /* config.xml */ = {isa = PBXFileReference; lastKnownFileType = text.xml; name = config.xml; path = VosgesEmoi/config.xml; sourceTree = "<group>"; };
		FB79E329423047FDAF466617 /* UIImage+CropScaleOrientation.h */ = {isa = PBXFileReference; explicitFileType = undefined; fileEncoding = 4; includeInIndex = 0; lastKnownFileType = sourcecode.c.h; name = "UIImage+CropScaleOrientation.h"; path = "cordova-plugin-camera/UIImage+CropScaleOrientation.h"; sourceTree = "<group>"; };
		FD5F5CE6A8DD4D1D90B0CA55 /* PhoneCaller.h */ = {isa = PBXFileReference; explicitFileType = undefined; fileEncoding = 4; includeInIndex = 0; lastKnownFileType = sourcecode.c.h; name = PhoneCaller.h; path = "cordova-plugin-phonecaller/PhoneCaller.h"; sourceTree = "<group>"; };
		FD9C44933AE94E7494ACAC11 /* LaunchNavigator.h */ = {isa = PBXFileReference; explicitFileType = undefined; fileEncoding = 4; includeInIndex = 0; lastKnownFileType = sourcecode.c.h; name = LaunchNavigator.h; path = uk.co.workingedge.phonegap.plugin.launchnavigator/LaunchNavigator.h; sourceTree = "<group>"; };
/* End PBXFileReference section */

/* Begin PBXFrameworksBuildPhase section */
		1D60588F0D05DD3D006BFB54 /* Frameworks */ = {
			isa = PBXFrameworksBuildPhase;
			buildActionMask = 2147483647;
			files = (
				301BF552109A68D80062928A /* libCordova.a in Frameworks */,
				B5531E25657E4C7BB8C18B78 /* ImageIO.framework in Frameworks */,
				81882659DA804271A31127E5 /* CoreLocation.framework in Frameworks */,
				1A9142DB8BAD40C5BADA7EFE /* AVFoundation.framework in Frameworks */,
				3F395DC77CD44008AF30C5D5 /* AddressBook.framework in Frameworks */,
				F34AC7D079F7414B98FD468D /* AddressBookUI.framework in Frameworks */,
				A7AED837BD8C46D28D5798E0 /* libz.tbd in Frameworks */,
				352067D462B94986BE5DE368 /* CoreMotion.framework in Frameworks */,
				1C7B5DCC2F0F4091AB971B3A /* AudioToolbox.framework in Frameworks */,
				19440E40DF0E4179945EDE93 /* SystemConfiguration.framework in Frameworks */,
				A98087EEC246441C8BDEC77C /* CoreTelephony.framework in Frameworks */,
				78BE45F761AB454AB6B1ECA6 /* MapKit.framework in Frameworks */,
				0791ED9F7C7346FE9ADB9B79 /* Social.framework in Frameworks */,
				27B2DBB1A9B4449D8EEE87BB /* MessageUI.framework in Frameworks */,
			);
			runOnlyForDeploymentPostprocessing = 0;
		};
/* End PBXFrameworksBuildPhase section */

/* Begin PBXGroup section */
		080E96DDFE201D6D7F000001 /* Classes */ = {
			isa = PBXGroup;
			children = (
				302D95EE14D2391D003F00A1 /* MainViewController.h */,
				302D95EF14D2391D003F00A1 /* MainViewController.m */,
				302D95F014D2391D003F00A1 /* MainViewController.xib */,
				1D3623240D0F684500981E51 /* AppDelegate.h */,
				1D3623250D0F684500981E51 /* AppDelegate.m */,
			);
			name = Classes;
			path = VosgesEmoi/Classes;
			sourceTree = SOURCE_ROOT;
		};
		19C28FACFE9D520D11CA2CBB /* Products */ = {
			isa = PBXGroup;
			children = (
				1D6058910D05DD3D006BFB54 /* VosgesEmoi.app */,
			);
			name = Products;
			sourceTree = "<group>";
		};
		29B97314FDCFA39411CA2CEA /* CustomTemplate */ = {
			isa = PBXGroup;
			children = (
				EB87FDF41871DAF40020F90C /* config.xml */,
				EB87FDF31871DA8E0020F90C /* www */,
				EB87FDF11871DA420020F90C /* Staging */,
				301BF52D109A57CC0062928A /* CordovaLib/CordovaLib.xcodeproj */,
				080E96DDFE201D6D7F000001 /* Classes */,
				307C750510C5A3420062BCA9 /* Plugins */,
				29B97315FDCFA39411CA2CEA /* Other Sources */,
				29B97317FDCFA39411CA2CEA /* Resources */,
				29B97323FDCFA39411CA2CEA /* Frameworks */,
				19C28FACFE9D520D11CA2CBB /* Products */,
			);
			name = CustomTemplate;
			sourceTree = "<group>";
		};
		29B97315FDCFA39411CA2CEA /* Other Sources */ = {
			isa = PBXGroup;
			children = (
				32CA4F630368D1EE00C91783 /* VosgesEmoi-Prefix.pch */,
				29B97316FDCFA39411CA2CEA /* main.m */,
				ED33DF2A687741AEAF9F8254 /* Bridging-Header.h */,
			);
			name = "Other Sources";
			path = VosgesEmoi;
			sourceTree = "<group>";
		};
		29B97317FDCFA39411CA2CEA /* Resources */ = {
			isa = PBXGroup;
			children = (
				0207DA571B56EA530066E2B4 /* Images.xcassets */,
				3047A50E1AB8057F00498E2A /* config */,
				8D1107310486CEB800E47090 /* VosgesEmoi-Info.plist */,
				6AFF5BF81D6E424B00AB3073 /* CDVLaunchScreen.storyboard */,
				30A826E84B2A419EA37583ED /* CDVNotification.bundle */,
				23B9F1DE0C3046BA8BF4C971 /* CDVCapture.bundle */,
			);
			name = Resources;
			path = VosgesEmoi/Resources;
			sourceTree = "<group>";
		};
		29B97323FDCFA39411CA2CEA /* Frameworks */ = {
			isa = PBXGroup;
			children = (
				8DC65D23CB2F42C1A32A07AB /* ImageIO.framework */,
				914D42E6FA6E4982B060CEB8 /* CoreLocation.framework */,
				2A01FCE251AC446F9E29E538 /* AVFoundation.framework */,
				7844EA76B88447128D7BAD77 /* AddressBook.framework */,
				D088B96473B94FB4BE2112F0 /* AddressBookUI.framework */,
				3BA4B79FA4E847FD8B6298D3 /* libz.tbd */,
				27497588AE6242539543095B /* CoreMotion.framework */,
				1BDF289629D44A8CB3CF4FF6 /* AudioToolbox.framework */,
				593B46CCAEBC41349BAD4C56 /* SystemConfiguration.framework */,
				CFA77E80A109432BBB296E4F /* CoreTelephony.framework */,
				B62C9780BF9445F3B5DC7319 /* MapKit.framework */,
				910A5F9D844A40F49D314F4B /* Social.framework */,
				7C16C41733AC4F22BD75C9E1 /* MessageUI.framework */,
			);
			name = Frameworks;
			sourceTree = "<group>";
		};
		301BF52E109A57CC0062928A /* Products */ = {
			isa = PBXGroup;
			children = (
				301BF535109A57CC0062928A /* libCordova.a */,
				E96F34C01EFBA88400296A7F /* Cordova.framework */,
			);
			name = Products;
			sourceTree = "<group>";
		};
		3047A50E1AB8057F00498E2A /* config */ = {
			isa = PBXGroup;
			children = (
				3047A50F1AB8059700498E2A /* build-debug.xcconfig */,
				3047A5101AB8059700498E2A /* build-release.xcconfig */,
				3047A5111AB8059700498E2A /* build.xcconfig */,
			);
			name = config;
			sourceTree = "<group>";
		};
		307C750510C5A3420062BCA9 /* Plugins */ = {
			isa = PBXGroup;
			children = (
				125085B69E2F47878CFEC795 /* CFCallNumber.m */,
				12028E9A5A9E46F6AEE162DF /* CFCallNumber.h */,
				AD1EB26174EE4C98A724BEA5 /* ActionSheet.m */,
				1DAF0030504C4B6B8540D92F /* ActionSheet.h */,
				A0C66937A54A4D1EBDA38875 /* CDVBattery.m */,
				0C54171928B54EFFB1CC2143 /* CDVBattery.h */,
				107D17D85C21498E9A448E5C /* UIImage+CropScaleOrientation.m */,
				52B6239AF99041FABBEB1D7A /* CDVCamera.m */,
				3376AD0FF42548CE886D899D /* CDVJpegHeaderWriter.m */,
				FB79E329423047FDAF466617 /* UIImage+CropScaleOrientation.h */,
				0D3E51F48E1B437DB03D82D9 /* CDVCamera.h */,
				717D471DAAB14C49BAEB6B9E /* CDVJpegHeaderWriter.h */,
				B1A1956CB49D4E4AB7F842C2 /* CDVExif.h */,
				CB0EE2399C384889A6173705 /* CDVLogger.m */,
				466E24A50A11485EAFFEAD30 /* CDVLogger.h */,
				B8702E7D564043D99593F0EB /* CDVContacts.m */,
				9D3251C73A9C4EA3A484221A /* CDVContact.m */,
				77412D327F304750A0B10665 /* CDVContacts.h */,
				3FC007F6683E49389C123B3B /* CDVContact.h */,
				F7FE1C9F7EEC4E44B2ADB098 /* CDVDevice.m */,
				DF2219B378D746A99878D5D9 /* CDVDevice.h */,
				53F33D89DB59442485CF0E69 /* CDVAccelerometer.m */,
				160EDBBA6ADB4FE0B4D3E8D0 /* CDVAccelerometer.h */,
				E15D19FC397C4C6E8E31A6BF /* CDVCompass.m */,
				9C41474DD72343E6AF64F3AD /* CDVCompass.h */,
				D58A178FD4A04B9890546C7A /* CDVNotification.m */,
				45E0DBE5D89940AB9CBEF31F /* CDVNotification.h */,
				E687CB0E108B4CC397EFF676 /* CDVFile.m */,
				A6FE3FA893654DD28416348E /* CDVLocalFilesystem.m */,
				BBA10A48AEA94656AC562CE7 /* CDVAssetLibraryFilesystem.m */,
				C07516DAA6D349E4B0E48DEE /* CDVFile.h */,
				1661DFD9D05644749B2D070C /* CDVLocalFilesystem.h */,
				105FCD84A09B4D24990CB840 /* CDVAssetLibraryFilesystem.h */,
				4ADC0D02CBB6445DABE675C2 /* CDVFileTransfer.m */,
				526A6488F16E4A26A778DDB7 /* CDVFileTransfer.h */,
				DE7D0F3D3FEF44718FDACB66 /* CDVLocation.m */,
				7A76DE7A1C1B48FFB50999E6 /* CDVLocation.h */,
				02F7CDC5ED9B410AA1D77397 /* CDVGlobalization.m */,
				1858B5D91CC04F9CAC961A52 /* CDVGlobalization.h */,
				AEBE405A4A5343D4A65791B0 /* CDVInAppBrowser.m */,
				0B21F39D25E741C6A84E893C /* CDVInAppBrowser.h */,
				67C9FE6EFE0F4551A0065FD2 /* CDVSound.m */,
				7AB2A7C6AC4347419AFCCFCF /* CDVSound.h */,
				67F4FF0ED8434A959F31078C /* CDVCapture.m */,
				C4023933B2494EB68C0AF9D9 /* CDVCapture.h */,
				0BCB0EF997A04BFFA5695ECC /* CDVConnection.m */,
				E4F47DD704554A2D881411AB /* CDVReachability.m */,
				3899BFC33CD8480C86714C9E /* CDVConnection.h */,
				27F99B968E5D4F388BF9A465 /* CDVReachability.h */,
				B50DD6472D154BE9920B2422 /* PhoneCaller.m */,
				FD5F5CE6A8DD4D1D90B0CA55 /* PhoneCaller.h */,
				91FA15DD5B884B12A0A7AABC /* CDVStatusBar.m */,
				166C6BFB9CBB446680B22765 /* CDVStatusBar.h */,
				2CA7B8E3492D4482B4B09D47 /* CDVVibration.m */,
				9E42753F592A47EAA354C801 /* CDVVibration.h */,
				71A45C01B208462F807A9292 /* CMMapLauncher.m */,
				645FAC310BD54F38B0FDFC60 /* LaunchNavigator.m */,
				2D4D2F7F51D44EB69C73D2F9 /* CMMapLauncher.h */,
				FD9C44933AE94E7494ACAC11 /* LaunchNavigator.h */,
				A278D4B4AE3441FEADF4B578 /* NSString+SSURLEncoding.m */,
				F571209181C94FCF991A1CAF /* SocialSharing.m */,
				35C384D79D564E84BFA535D7 /* NSString+SSURLEncoding.h */,
				7369A3DE2CDE4ACFB007F8A4 /* SocialSharing.h */,
			);
			name = Plugins;
			path = VosgesEmoi/Plugins;
			sourceTree = SOURCE_ROOT;
		};
		EB87FDF11871DA420020F90C /* Staging */ = {
			isa = PBXGroup;
			children = (
				F840E1F0165FE0F500CFE078 /* config.xml */,
				301BF56E109A69640062928A /* www */,
			);
			name = Staging;
			sourceTree = "<group>";
		};
/* End PBXGroup section */

/* Begin PBXNativeTarget section */
		1D6058900D05DD3D006BFB54 /* VosgesEmoi */ = {
			isa = PBXNativeTarget;
			buildConfigurationList = 1D6058960D05DD3E006BFB54 /* Build configuration list for PBXNativeTarget "VosgesEmoi" */;
			buildPhases = (
				304B58A110DAC018002A0835 /* Copy www directory */,
				1D60588D0D05DD3D006BFB54 /* Resources */,
				1D60588E0D05DD3D006BFB54 /* Sources */,
				1D60588F0D05DD3D006BFB54 /* Frameworks */,
			);
			buildRules = (
			);
			dependencies = (
				301BF551109A68C00062928A /* PBXTargetDependency */,
			);
			name = VosgesEmoi;
			productName = VosgesEmoi;
			productReference = 1D6058910D05DD3D006BFB54 /* VosgesEmoi.app */;
			productType = "com.apple.product-type.application";
		};
/* End PBXNativeTarget section */

/* Begin PBXProject section */
		29B97313FDCFA39411CA2CEA /* Project object */ = {
			isa = PBXProject;
			attributes = {
				LastUpgradeCheck = 510;
				TargetAttributes = {
					1D6058900D05DD3D006BFB54 = {
						DevelopmentTeam = F6W7537PY8;
					};
				};
			};
			buildConfigurationList = C01FCF4E08A954540054247B /* Build configuration list for PBXProject "VosgesEmoi" */;
			compatibilityVersion = "Xcode 3.2";
			developmentRegion = English;
			hasScannedForEncodings = 1;
			knownRegions = (
				en,
			);
			mainGroup = 29B97314FDCFA39411CA2CEA /* CustomTemplate */;
			projectDirPath = "";
			projectReferences = (
				{
					ProductGroup = 301BF52E109A57CC0062928A /* Products */;
					ProjectRef = 301BF52D109A57CC0062928A /* CordovaLib/CordovaLib.xcodeproj */;
				},
			);
			projectRoot = "";
			targets = (
				1D6058900D05DD3D006BFB54 /* VosgesEmoi */,
			);
		};
/* End PBXProject section */

/* Begin PBXReferenceProxy section */
		301BF535109A57CC0062928A /* libCordova.a */ = {
			isa = PBXReferenceProxy;
			fileType = archive.ar;
			path = libCordova.a;
			remoteRef = 301BF534109A57CC0062928A /* PBXContainerItemProxy */;
			sourceTree = BUILT_PRODUCTS_DIR;
		};
		E96F34C01EFBA88400296A7F /* Cordova.framework */ = {
			isa = PBXReferenceProxy;
			fileType = wrapper.framework;
			path = Cordova.framework;
			remoteRef = E96F34BF1EFBA88400296A7F /* PBXContainerItemProxy */;
			sourceTree = BUILT_PRODUCTS_DIR;
		};
/* End PBXReferenceProxy section */

/* Begin PBXResourcesBuildPhase section */
		1D60588D0D05DD3D006BFB54 /* Resources */ = {
			isa = PBXResourcesBuildPhase;
			buildActionMask = 2147483647;
			files = (
				302D95F214D2391D003F00A1 /* MainViewController.xib in Resources */,
				0207DA581B56EA530066E2B4 /* Images.xcassets in Resources */,
				6AFF5BF91D6E424B00AB3073 /* CDVLaunchScreen.storyboard in Resources */,
				896201F2C41F4004B3594B11 /* CDVNotification.bundle in Resources */,
				97B7CFEFB04E4297AF5E70B1 /* CDVCapture.bundle in Resources */,
			);
			runOnlyForDeploymentPostprocessing = 0;
		};
/* End PBXResourcesBuildPhase section */

/* Begin PBXShellScriptBuildPhase section */
		304B58A110DAC018002A0835 /* Copy www directory */ = {
			isa = PBXShellScriptBuildPhase;
			buildActionMask = 2147483647;
			files = (
			);
			inputPaths = (
			);
			name = "Copy www directory";
			outputPaths = (
			);
			runOnlyForDeploymentPostprocessing = 0;
			shellPath = /bin/sh;
			shellScript = "NODEJS_PATH=/usr/local/bin; NVM_NODE_PATH=~/.nvm/versions/node/`nvm version 2>/dev/null`/bin; N_NODE_PATH=`find /usr/local/n/versions/node/* -maxdepth 0 -type d 2>/dev/null | tail -1`/bin; XCODE_NODE_PATH=`xcode-select --print-path`/usr/share/xcs/Node/bin; PATH=$NODEJS_PATH:$NVM_NODE_PATH:$N_NODE_PATH:$XCODE_NODE_PATH:$PATH && node cordova/lib/copy-www-build-step.js";
			showEnvVarsInLog = 0;
		};
/* End PBXShellScriptBuildPhase section */

/* Begin PBXSourcesBuildPhase section */
		1D60588E0D05DD3D006BFB54 /* Sources */ = {
			isa = PBXSourcesBuildPhase;
			buildActionMask = 2147483647;
			files = (
				1D60589B0D05DD56006BFB54 /* main.m in Sources */,
				1D3623260D0F684500981E51 /* AppDelegate.m in Sources */,
				302D95F114D2391D003F00A1 /* MainViewController.m in Sources */,
				71A273FD6DF14A8EAC93334E /* CFCallNumber.m in Sources */,
				D9283E007C4C4A41AC64DC2D /* ActionSheet.m in Sources */,
				4AEDC1DCB17648E4BBEB4B7C /* CDVBattery.m in Sources */,
				06BC3506EA704154AC921F04 /* UIImage+CropScaleOrientation.m in Sources */,
				A3DA39C6B57E48B49ACCC2E3 /* CDVCamera.m in Sources */,
				231C07BDED6A4AD2853D6760 /* CDVJpegHeaderWriter.m in Sources */,
				A00CB41600B84BD9920D0CE7 /* CDVLogger.m in Sources */,
				51B5C79B87284EBCA0F07CBE /* CDVContacts.m in Sources */,
				3600629AC75D4D1995B21BB8 /* CDVContact.m in Sources */,
				2EE1E51984F3482ABD24EC08 /* CDVDevice.m in Sources */,
				F41022632F1C4D998C0027F7 /* CDVAccelerometer.m in Sources */,
				8D39BBC745B94CA4ACAAF202 /* CDVCompass.m in Sources */,
				9AAACA5A4C15421EAC12E757 /* CDVNotification.m in Sources */,
				1E29012B84C840409C92B4F0 /* CDVFile.m in Sources */,
				D98C632F3A0647CA84927419 /* CDVLocalFilesystem.m in Sources */,
				151304CB02154D9CB854F6ED /* CDVAssetLibraryFilesystem.m in Sources */,
				8E59BF0961AD487D8D0A2C60 /* CDVFileTransfer.m in Sources */,
				05E4C58EBE704E6FB1367062 /* CDVLocation.m in Sources */,
				EB45EED28ECE4B5480E22957 /* CDVGlobalization.m in Sources */,
				430A1BBF3B7D46D18E55CCE2 /* CDVInAppBrowser.m in Sources */,
				042D5C8046E74DCDB84DDF75 /* CDVSound.m in Sources */,
				A11FC711486E4DAEBF287B05 /* CDVCapture.m in Sources */,
				C7AE9C7065804450935393AB /* CDVConnection.m in Sources */,
				0366594115AC4A00AF2D8716 /* CDVReachability.m in Sources */,
				5A2E2A15EDB3444E80350BAD /* PhoneCaller.m in Sources */,
				2BC9181AFB0F433CACD4FDAC /* CDVStatusBar.m in Sources */,
				19557DF7FD9B4D8ABFB1DCFA /* CDVVibration.m in Sources */,
				FB5412EAD98340C8B68959D5 /* CMMapLauncher.m in Sources */,
				FF2F664B98394961AA0E5B9B /* LaunchNavigator.m in Sources */,
				300C7F629F564CADA4C82FF9 /* NSString+SSURLEncoding.m in Sources */,
				5BCE470DB88049C2998016DB /* SocialSharing.m in Sources */,
			);
			runOnlyForDeploymentPostprocessing = 0;
		};
/* End PBXSourcesBuildPhase section */

/* Begin PBXTargetDependency section */
		301BF551109A68C00062928A /* PBXTargetDependency */ = {
			isa = PBXTargetDependency;
			name = CordovaLib;
			targetProxy = 301BF550109A68C00062928A /* PBXContainerItemProxy */;
		};
/* End PBXTargetDependency section */

/* Begin XCBuildConfiguration section */
		1D6058940D05DD3E006BFB54 /* Debug */ = {
			isa = XCBuildConfiguration;
			baseConfigurationReference = 3047A50F1AB8059700498E2A /* build-debug.xcconfig */;
			buildSettings = {
				ALWAYS_SEARCH_USER_PATHS = NO;
				ASSETCATALOG_COMPILER_APPICON_NAME = AppIcon;
				ASSETCATALOG_COMPILER_LAUNCHIMAGE_NAME = LaunchImage;
				CLANG_ENABLE_MODULES = YES;
				CLANG_ENABLE_OBJC_ARC = YES;
				COPY_PHASE_STRIP = NO;
				DEVELOPMENT_TEAM = F6W7537PY8;
				GCC_DYNAMIC_NO_PIC = NO;
				GCC_OPTIMIZATION_LEVEL = 0;
				GCC_PRECOMPILE_PREFIX_HEADER = YES;
				GCC_PREFIX_HEADER = "VosgesEmoi/VosgesEmoi-Prefix.pch";
				GCC_THUMB_SUPPORT = NO;
				GCC_VERSION = "";
				INFOPLIST_FILE = "VosgesEmoi/VosgesEmoi-Info.plist";
				IPHONEOS_DEPLOYMENT_TARGET = 9.0;
				LD_RUNPATH_SEARCH_PATHS = "@executable_path/Frameworks";
				PRODUCT_NAME = VosgesEmoi;
				TARGETED_DEVICE_FAMILY = "1,2";
			};
			name = Debug;
		};
		1D6058950D05DD3E006BFB54 /* Release */ = {
			isa = XCBuildConfiguration;
			baseConfigurationReference = 3047A5101AB8059700498E2A /* build-release.xcconfig */;
			buildSettings = {
				ALWAYS_SEARCH_USER_PATHS = NO;
				ASSETCATALOG_COMPILER_APPICON_NAME = AppIcon;
				ASSETCATALOG_COMPILER_LAUNCHIMAGE_NAME = LaunchImage;
				CLANG_ENABLE_MODULES = YES;
				CLANG_ENABLE_OBJC_ARC = YES;
				COPY_PHASE_STRIP = YES;
				DEVELOPMENT_TEAM = F6W7537PY8;
				GCC_PRECOMPILE_PREFIX_HEADER = YES;
				GCC_PREFIX_HEADER = "VosgesEmoi/VosgesEmoi-Prefix.pch";
				GCC_THUMB_SUPPORT = NO;
				GCC_VERSION = "";
				INFOPLIST_FILE = "VosgesEmoi/VosgesEmoi-Info.plist";
				IPHONEOS_DEPLOYMENT_TARGET = 9.0;
				LD_RUNPATH_SEARCH_PATHS = "@executable_path/Frameworks";
				PRODUCT_NAME = VosgesEmoi;
				TARGETED_DEVICE_FAMILY = "1,2";
			};
			name = Release;
		};
		C01FCF4F08A954540054247B /* Debug */ = {
			isa = XCBuildConfiguration;
			baseConfigurationReference = 3047A5111AB8059700498E2A /* build.xcconfig */;
			buildSettings = {
				CLANG_ENABLE_MODULES = YES;
				CLANG_ENABLE_OBJC_ARC = YES;
				CLANG_WARN_BOOL_CONVERSION = YES;
				CLANG_WARN_CONSTANT_CONVERSION = YES;
				CLANG_WARN_EMPTY_BODY = YES;
				CLANG_WARN_ENUM_CONVERSION = YES;
				CLANG_WARN_INT_CONVERSION = YES;
				CLANG_WARN__DUPLICATE_METHOD_MATCH = YES;
				GCC_C_LANGUAGE_STANDARD = c99;
				GCC_THUMB_SUPPORT = NO;
				GCC_VERSION = "";
				GCC_WARN_ABOUT_RETURN_TYPE = YES;
				GCC_WARN_UNDECLARED_SELECTOR = YES;
				GCC_WARN_UNINITIALIZED_AUTOS = YES;
				GCC_WARN_UNUSED_FUNCTION = YES;
				GCC_WARN_UNUSED_VARIABLE = YES;
				ONLY_ACTIVE_ARCH = YES;
				SDKROOT = iphoneos;
				SKIP_INSTALL = NO;
				TARGETED_DEVICE_FAMILY = "1,2";
			};
			name = Debug;
		};
		C01FCF5008A954540054247B /* Release */ = {
			isa = XCBuildConfiguration;
			baseConfigurationReference = 3047A5111AB8059700498E2A /* build.xcconfig */;
			buildSettings = {
				CLANG_ENABLE_MODULES = YES;
				CLANG_ENABLE_OBJC_ARC = YES;
				CLANG_WARN_BOOL_CONVERSION = YES;
				CLANG_WARN_CONSTANT_CONVERSION = YES;
				CLANG_WARN_EMPTY_BODY = YES;
				CLANG_WARN_ENUM_CONVERSION = YES;
				CLANG_WARN_INT_CONVERSION = YES;
				CLANG_WARN__DUPLICATE_METHOD_MATCH = YES;
				GCC_C_LANGUAGE_STANDARD = c99;
				GCC_THUMB_SUPPORT = NO;
				GCC_VERSION = "";
				GCC_WARN_ABOUT_RETURN_TYPE = YES;
				GCC_WARN_UNDECLARED_SELECTOR = YES;
				GCC_WARN_UNINITIALIZED_AUTOS = YES;
				GCC_WARN_UNUSED_FUNCTION = YES;
				GCC_WARN_UNUSED_VARIABLE = YES;
				SDKROOT = iphoneos;
				SKIP_INSTALL = NO;
				TARGETED_DEVICE_FAMILY = "1,2";
			};
			name = Release;
		};
/* End XCBuildConfiguration section */

/* Begin XCConfigurationList section */
		1D6058960D05DD3E006BFB54 /* Build configuration list for PBXNativeTarget "VosgesEmoi" */ = {
			isa = XCConfigurationList;
			buildConfigurations = (
				1D6058940D05DD3E006BFB54 /* Debug */,
				1D6058950D05DD3E006BFB54 /* Release */,
			);
			defaultConfigurationIsVisible = 0;
			defaultConfigurationName = Release;
		};
		C01FCF4E08A954540054247B /* Build configuration list for PBXProject "VosgesEmoi" */ = {
			isa = XCConfigurationList;
			buildConfigurations = (
				C01FCF4F08A954540054247B /* Debug */,
				C01FCF5008A954540054247B /* Release */,
			);
			defaultConfigurationIsVisible = 0;
			defaultConfigurationName = Release;
		};
/* End XCConfigurationList section */
	};
	rootObject = 29B97313FDCFA39411CA2CEA /* Project object */;
}
