// !$*UTF8*$!
{
	archiveVersion = 1;
	classes = {
	};
	objectVersion = 46;
	objects = {
/* Begin PBXBuildFile section */
		01E6C7A5EA1C4002B49F3F0C /* ActionSheet.m in Sources */ = {isa = PBXBuildFile; fileRef = D127D31A53A548578420443D /* ActionSheet.m */; };
		0207DA581B56EA530066E2B4 /* Images.xcassets in Resources */ = {isa = PBXBuildFile; fileRef = 0207DA571B56EA530066E2B4 /* Images.xcassets */; };
		02521ED636A148E5A100EF5A /* CDVConnection.m in Sources */ = {isa = PBXBuildFile; fileRef = 786F263A30BE415EADFA8A5C /* CDVConnection.m */; };
		076920997D194826957E7311 /* CDVSplashScreen.m in Sources */ = {isa = PBXBuildFile; fileRef = 522D5E0836014826AF46C38B /* CDVSplashScreen.m */; };
		0C1D71544AD74B2C98A2EF46 /* CDVReachability.m in Sources */ = {isa = PBXBuildFile; fileRef = 2DD7A3CA4CCC4126A2F9411B /* CDVReachability.m */; };
		1ACC768131F647D49BBE0ED7 /* CDVFileTransfer.m in Sources */ = {isa = PBXBuildFile; fileRef = FA1EC90A87E44292A8F46BB5 /* CDVFileTransfer.m */; };
		1D3623260D0F684500981E51 /* AppDelegate.m in Sources */ = {isa = PBXBuildFile; fileRef = 1D3623250D0F684500981E51 /* AppDelegate.m */; };
		1D60589B0D05DD56006BFB54 /* main.m in Sources */ = {isa = PBXBuildFile; fileRef = 29B97316FDCFA39411CA2CEA /* main.m */; };
		243DA35775834DFAB0BB796E /* CDVCapture.m in Sources */ = {isa = PBXBuildFile; fileRef = B9C50FDFE1E44F9993141297 /* CDVCapture.m */; };
		29B26B8A9CCB4070B6C02CB9 /* CDVViewController+SplashScreen.m in Sources */ = {isa = PBXBuildFile; fileRef = 347AD95C73D7406EA571EAEE /* CDVViewController+SplashScreen.m */; };
		301BF552109A68D80062928A /* libCordova.a in Frameworks */ = {isa = PBXBuildFile; fileRef = 301BF535109A57CC0062928A /* libCordova.a */; };
		302D95F114D2391D003F00A1 /* MainViewController.m in Sources */ = {isa = PBXBuildFile; fileRef = 302D95EF14D2391D003F00A1 /* MainViewController.m */; };
		302D95F214D2391D003F00A1 /* MainViewController.xib in Resources */ = {isa = PBXBuildFile; fileRef = 302D95F014D2391D003F00A1 /* MainViewController.xib */; };
		317D553A71A343289D4CEEE3 /* CDVCompass.m in Sources */ = {isa = PBXBuildFile; fileRef = 69BA379EB80B482E8E62676D /* CDVCompass.m */; };
		424743A9CAEA4C96B3A8676F /* AddressBook.framework in Frameworks */ = {isa = PBXBuildFile; fileRef = A38EAA7B8FFA4D8290E5A2FA /* AddressBook.framework */; settings = {ATTRIBUTES = (Weak, ); }; };
		48C8D83EB2BA4046B5D963BD /* CoreLocation.framework in Frameworks */ = {isa = PBXBuildFile; fileRef = 36AE63AA72FC497EA15E139E /* CoreLocation.framework */; };
		50CC1ED47FDB46DE9BDEF586 /* CDVCamera.m in Sources */ = {isa = PBXBuildFile; fileRef = 7601EC94C0864455842C01AF /* CDVCamera.m */; };
		557BA4AECC1D4160879437F3 /* CDVContact.m in Sources */ = {isa = PBXBuildFile; fileRef = 0982B8BC15B3487DA62458B8 /* CDVContact.m */; };
		5BFD93102D5D41AB9135BEF7 /* CDVLocation.m in Sources */ = {isa = PBXBuildFile; fileRef = 80EFDD2FDAB545C092A29E4E /* CDVLocation.m */; };
		5F08273F16E74EF4BCFCB16A /* AddressBookUI.framework in Frameworks */ = {isa = PBXBuildFile; fileRef = DDA088F3BA944E6EAD02B6FB /* AddressBookUI.framework */; settings = {ATTRIBUTES = (Weak, ); }; };
		6A1198FEB37E4CAEBE5BAFDB /* ImageIO.framework in Frameworks */ = {isa = PBXBuildFile; fileRef = 47DA2BB5271B4872A34230DF /* ImageIO.framework */; settings = {ATTRIBUTES = (Weak, ); }; };
		6AFF5BF91D6E424B00AB3073 /* CDVLaunchScreen.storyboard in Resources */ = {isa = PBXBuildFile; fileRef = 6AFF5BF81D6E424B00AB3073 /* CDVLaunchScreen.storyboard */; };
		6B9CBFF57BD8404191889ADE /* MapKit.framework in Frameworks */ = {isa = PBXBuildFile; fileRef = A9871B50E10942AD8CD2936E /* MapKit.framework */; };
		6E756A09B8F24183BBF736FE /* CDVInAppBrowser.m in Sources */ = {isa = PBXBuildFile; fileRef = 0E68E5E07A074C1F837FCF39 /* CDVInAppBrowser.m */; };
		727E658046D64FB1A89A2A03 /* CDVAccelerometer.m in Sources */ = {isa = PBXBuildFile; fileRef = ACD6A89BD86D43FF92B1B1B5 /* CDVAccelerometer.m */; };
		729A5B72229A479FBDBD34BB /* CFCallNumber.m in Sources */ = {isa = PBXBuildFile; fileRef = 16F1D5C1D31444828445F00F /* CFCallNumber.m */; };
		7467DDE209B948E9A28BD6D0 /* CDVFile.m in Sources */ = {isa = PBXBuildFile; fileRef = F7617C65285F4A92808D291D /* CDVFile.m */; };
		7CB90B4B44D74B7D959E80E4 /* LaunchNavigator.m in Sources */ = {isa = PBXBuildFile; fileRef = 94BAEEDE0DF34B9A91DF4CA1 /* LaunchNavigator.m */; };
		7E2CABECB6504B73A96D2FA6 /* CMMapLauncher.m in Sources */ = {isa = PBXBuildFile; fileRef = A6B7AFF517454318BF2EDE60 /* CMMapLauncher.m */; };
		87938A820BEB4033961E573C /* CoreMotion.framework in Frameworks */ = {isa = PBXBuildFile; fileRef = AF9BF95E4856489586FB5532 /* CoreMotion.framework */; };
		90EAECDD5B4F4452A2787DCE /* AudioToolbox.framework in Frameworks */ = {isa = PBXBuildFile; fileRef = 2A4D7425E49340248D5ED9D5 /* AudioToolbox.framework */; settings = {ATTRIBUTES = (Weak, ); }; };
		9BBF68D288CB4216B9A447A2 /* CDVLogger.m in Sources */ = {isa = PBXBuildFile; fileRef = 7175C293355945F792747457 /* CDVLogger.m */; };
		A5059EFC77D644BAAC914A11 /* CoreTelephony.framework in Frameworks */ = {isa = PBXBuildFile; fileRef = 42516425D697468FB2FF0DAB /* CoreTelephony.framework */; };
		A817C8BD558C46C5AB612319 /* CDVStatusBar.m in Sources */ = {isa = PBXBuildFile; fileRef = C82C3DDF840B41C89D399068 /* CDVStatusBar.m */; };
		A90C95FD771241C7B7116E99 /* CDVJpegHeaderWriter.m in Sources */ = {isa = PBXBuildFile; fileRef = 6B8BA4E694AC48F893340EDF /* CDVJpegHeaderWriter.m */; };
		B1EBCE5E076E45B7A62C189D /* SystemConfiguration.framework in Frameworks */ = {isa = PBXBuildFile; fileRef = 9504DDB44C3F49A388148C90 /* SystemConfiguration.framework */; settings = {ATTRIBUTES = (Weak, ); }; };
		B7AC0EE5C939432B92014268 /* CDVNotification.m in Sources */ = {isa = PBXBuildFile; fileRef = 065311C8020846F28F5FE0A3 /* CDVNotification.m */; };
		BE575EECBF774D2F95474CA6 /* CDVCapture.bundle in Resources */ = {isa = PBXBuildFile; fileRef = 9A90EC9C3B0B4ABA94AFCAF4 /* CDVCapture.bundle */; };
		CDD065A73E7440F8AC0FB609 /* CDVGlobalization.m in Sources */ = {isa = PBXBuildFile; fileRef = 4EB670040AF74733B15ED05E /* CDVGlobalization.m */; };
		CEEE8BF3E1374086A1C534BC /* libz.tbd in Frameworks */ = {isa = PBXBuildFile; fileRef = C48FFF2BBA7F4BD8A17E9FB1 /* libz.tbd */; };
		D358393D7CC14FA0893703AC /* CDVContacts.m in Sources */ = {isa = PBXBuildFile; fileRef = 255AC095F9764F5EA1348674 /* CDVContacts.m */; };
		D4128899EFB5443BA395EE15 /* CDVNotification.bundle in Resources */ = {isa = PBXBuildFile; fileRef = 7D0CE2F140414AE9BA264040 /* CDVNotification.bundle */; };
		D894B99D036B460FB32820B6 /* UIImage+CropScaleOrientation.m in Sources */ = {isa = PBXBuildFile; fileRef = E25E3BA989154A6082239481 /* UIImage+CropScaleOrientation.m */; };
		DF7969560F3F4B5DB3C9A2D3 /* CDVBattery.m in Sources */ = {isa = PBXBuildFile; fileRef = 6266B0C06E274E449853C6A6 /* CDVBattery.m */; };
		E03D4B7505254E3D9FDE3E97 /* CDVDevice.m in Sources */ = {isa = PBXBuildFile; fileRef = 3B1434C64B354426958CBEC4 /* CDVDevice.m */; };
		E2B20751209D4524BB132C20 /* CDVAssetLibraryFilesystem.m in Sources */ = {isa = PBXBuildFile; fileRef = 2F64EF50828248D89A7D5F89 /* CDVAssetLibraryFilesystem.m */; };
		E5B957CE89914F1796A3CEFD /* CDVVibration.m in Sources */ = {isa = PBXBuildFile; fileRef = 7D33009BA9AC462296A08294 /* CDVVibration.m */; };
		E6A7CFE01FE74E018B6A88AE /* CDVSound.m in Sources */ = {isa = PBXBuildFile; fileRef = E1EA6F28575543AD9407AD0C /* CDVSound.m */; };
		F50CFB52BB9E44D3B9EB039A /* CDVLocalFilesystem.m in Sources */ = {isa = PBXBuildFile; fileRef = E590F5FDFC8041539FD34DB8 /* CDVLocalFilesystem.m */; };
		FB1433A331FE4115A36CE492 /* AVFoundation.framework in Frameworks */ = {isa = PBXBuildFile; fileRef = 84C7ECBCBD5F4CBBBCEB05FC /* AVFoundation.framework */; };
		0C87FE3ECF9A454C8826A0EE /* PhoneCaller.m in Sources */ = {isa = PBXBuildFile; fileRef = F4837304D5CC48FF984D0702 /* PhoneCaller.m */; };
/* End PBXBuildFile section */

/* Begin PBXContainerItemProxy section */
		301BF534109A57CC0062928A /* PBXContainerItemProxy */ = {
			isa = PBXContainerItemProxy;
			containerPortal = 301BF52D109A57CC0062928A /* CordovaLib.xcodeproj */;
			proxyType = 2;
			remoteGlobalIDString = D2AAC07E0554694100DB518D;
			remoteInfo = CordovaLib;
		};
		301BF550109A68C00062928A /* PBXContainerItemProxy */ = {
			isa = PBXContainerItemProxy;
			containerPortal = 301BF52D109A57CC0062928A /* CordovaLib.xcodeproj */;
			proxyType = 1;
			remoteGlobalIDString = D2AAC07D0554694100DB518D;
			remoteInfo = CordovaLib;
		};
/* End PBXContainerItemProxy section */

/* Begin PBXFileReference section */
		00A01591692F49EE89B3B721 /* CDVGlobalization.h */ = {isa = PBXFileReference; explicitFileType = undefined; fileEncoding = 4; includeInIndex = 0; lastKnownFileType = sourcecode.c.h; name = CDVGlobalization.h; path = "cordova-plugin-globalization/CDVGlobalization.h"; sourceTree = "<group>"; };
		010C4AA69FFB40F18A652DBC /* CDVContact.h */ = {isa = PBXFileReference; explicitFileType = undefined; fileEncoding = 4; includeInIndex = 0; lastKnownFileType = sourcecode.c.h; name = CDVContact.h; path = "cordova-plugin-contacts/CDVContact.h"; sourceTree = "<group>"; };
		0207DA571B56EA530066E2B4 /* Images.xcassets */ = {isa = PBXFileReference; lastKnownFileType = folder.assetcatalog; name = Images.xcassets; path = PhoneGapRescue/Images.xcassets; sourceTree = SOURCE_ROOT; };
		04AB68B378834AB1BB2D3796 /* ActionSheet.h */ = {isa = PBXFileReference; explicitFileType = undefined; fileEncoding = 4; includeInIndex = 0; lastKnownFileType = sourcecode.c.h; name = ActionSheet.h; path = "cordova-plugin-actionsheet/ActionSheet.h"; sourceTree = "<group>"; };
		065311C8020846F28F5FE0A3 /* CDVNotification.m */ = {isa = PBXFileReference; explicitFileType = undefined; fileEncoding = 4; includeInIndex = 0; lastKnownFileType = sourcecode.c.objc; name = CDVNotification.m; path = "cordova-plugin-dialogs/CDVNotification.m"; sourceTree = "<group>"; };
		0982B8BC15B3487DA62458B8 /* CDVContact.m */ = {isa = PBXFileReference; explicitFileType = undefined; fileEncoding = 4; includeInIndex = 0; lastKnownFileType = sourcecode.c.objc; name = CDVContact.m; path = "cordova-plugin-contacts/CDVContact.m"; sourceTree = "<group>"; };
		0E68E5E07A074C1F837FCF39 /* CDVInAppBrowser.m */ = {isa = PBXFileReference; explicitFileType = undefined; fileEncoding = 4; includeInIndex = 0; lastKnownFileType = sourcecode.c.objc; name = CDVInAppBrowser.m; path = "cordova-plugin-inappbrowser/CDVInAppBrowser.m"; sourceTree = "<group>"; };
		111608086E1A46AA894F45C1 /* CDVReachability.h */ = {isa = PBXFileReference; explicitFileType = undefined; fileEncoding = 4; includeInIndex = 0; lastKnownFileType = sourcecode.c.h; name = CDVReachability.h; path = "cordova-plugin-network-information/CDVReachability.h"; sourceTree = "<group>"; };
		16F1D5C1D31444828445F00F /* CFCallNumber.m */ = {isa = PBXFileReference; explicitFileType = undefined; fileEncoding = 4; includeInIndex = 0; lastKnownFileType = sourcecode.c.objc; name = CFCallNumber.m; path = "call-number/CFCallNumber.m"; sourceTree = "<group>"; };
		1D3623240D0F684500981E51 /* AppDelegate.h */ = {isa = PBXFileReference; fileEncoding = 4; lastKnownFileType = sourcecode.c.h; path = AppDelegate.h; sourceTree = "<group>"; };
		1D3623250D0F684500981E51 /* AppDelegate.m */ = {isa = PBXFileReference; fileEncoding = 4; lastKnownFileType = sourcecode.c.objc; path = AppDelegate.m; sourceTree = "<group>"; };
		1D6058910D05DD3D006BFB54 /* PhoneGapRescue.app */ = {isa = PBXFileReference; explicitFileType = wrapper.application; includeInIndex = 0; path = PhoneGapRescue.app; sourceTree = BUILT_PRODUCTS_DIR; };
		2235D8612C7F40EFA00BDE77 /* CDVSound.h */ = {isa = PBXFileReference; explicitFileType = undefined; fileEncoding = 4; includeInIndex = 0; lastKnownFileType = sourcecode.c.h; name = CDVSound.h; path = "cordova-plugin-media/CDVSound.h"; sourceTree = "<group>"; };
		238095FA7BFF430E828C2732 /* CDVSplashScreen.h */ = {isa = PBXFileReference; explicitFileType = undefined; fileEncoding = 4; includeInIndex = 0; lastKnownFileType = sourcecode.c.h; name = CDVSplashScreen.h; path = "cordova-plugin-splashscreen/CDVSplashScreen.h"; sourceTree = "<group>"; };
		255AC095F9764F5EA1348674 /* CDVContacts.m */ = {isa = PBXFileReference; explicitFileType = undefined; fileEncoding = 4; includeInIndex = 0; lastKnownFileType = sourcecode.c.objc; name = CDVContacts.m; path = "cordova-plugin-contacts/CDVContacts.m"; sourceTree = "<group>"; };
		29B97316FDCFA39411CA2CEA /* main.m */ = {isa = PBXFileReference; fileEncoding = 4; lastKnownFileType = sourcecode.c.objc; path = main.m; sourceTree = "<group>"; };
		2A4D7425E49340248D5ED9D5 /* AudioToolbox.framework */ = {isa = PBXFileReference; explicitFileType = undefined; fileEncoding = 9; includeInIndex = 0; lastKnownFileType = wrapper.framework; name = AudioToolbox.framework; path = System/Library/Frameworks/AudioToolbox.framework; sourceTree = SDKROOT; };
		2DA531CE09B14A0C8800517D /* CDVAssetLibraryFilesystem.h */ = {isa = PBXFileReference; explicitFileType = undefined; fileEncoding = 4; includeInIndex = 0; lastKnownFileType = sourcecode.c.h; name = CDVAssetLibraryFilesystem.h; path = "cordova-plugin-file/CDVAssetLibraryFilesystem.h"; sourceTree = "<group>"; };
		2DD7A3CA4CCC4126A2F9411B /* CDVReachability.m */ = {isa = PBXFileReference; explicitFileType = undefined; fileEncoding = 4; includeInIndex = 0; lastKnownFileType = sourcecode.c.objc; name = CDVReachability.m; path = "cordova-plugin-network-information/CDVReachability.m"; sourceTree = "<group>"; };
		2F64EF50828248D89A7D5F89 /* CDVAssetLibraryFilesystem.m */ = {isa = PBXFileReference; explicitFileType = undefined; fileEncoding = 4; includeInIndex = 0; lastKnownFileType = sourcecode.c.objc; name = CDVAssetLibraryFilesystem.m; path = "cordova-plugin-file/CDVAssetLibraryFilesystem.m"; sourceTree = "<group>"; };
		301BF52D109A57CC0062928A /* CordovaLib.xcodeproj */ = {isa = PBXFileReference; lastKnownFileType = "wrapper.pb-project"; name = CordovaLib.xcodeproj; path = CordovaLib/CordovaLib.xcodeproj; sourceTree = "<group>"; };
		301BF56E109A69640062928A /* www */ = {isa = PBXFileReference; lastKnownFileType = folder; path = www; sourceTree = SOURCE_ROOT; };
		302D95EE14D2391D003F00A1 /* MainViewController.h */ = {isa = PBXFileReference; fileEncoding = 4; lastKnownFileType = sourcecode.c.h; path = MainViewController.h; sourceTree = "<group>"; };
		302D95EF14D2391D003F00A1 /* MainViewController.m */ = {isa = PBXFileReference; fileEncoding = 4; lastKnownFileType = sourcecode.c.objc; path = MainViewController.m; sourceTree = "<group>"; };
		302D95F014D2391D003F00A1 /* MainViewController.xib */ = {isa = PBXFileReference; fileEncoding = 4; lastKnownFileType = file.xib; path = MainViewController.xib; sourceTree = "<group>"; };
		3047A50F1AB8059700498E2A /* build-debug.xcconfig */ = {isa = PBXFileReference; fileEncoding = 4; lastKnownFileType = text.xcconfig; name = "build-debug.xcconfig"; path = "cordova/build-debug.xcconfig"; sourceTree = SOURCE_ROOT; };
		3047A5101AB8059700498E2A /* build-release.xcconfig */ = {isa = PBXFileReference; fileEncoding = 4; lastKnownFileType = text.xcconfig; name = "build-release.xcconfig"; path = "cordova/build-release.xcconfig"; sourceTree = SOURCE_ROOT; };
		3047A5111AB8059700498E2A /* build.xcconfig */ = {isa = PBXFileReference; fileEncoding = 4; lastKnownFileType = text.xcconfig; name = build.xcconfig; path = cordova/build.xcconfig; sourceTree = SOURCE_ROOT; };
		328ED90235114926B8343351 /* CDVInAppBrowser.h */ = {isa = PBXFileReference; explicitFileType = undefined; fileEncoding = 4; includeInIndex = 0; lastKnownFileType = sourcecode.c.h; name = CDVInAppBrowser.h; path = "cordova-plugin-inappbrowser/CDVInAppBrowser.h"; sourceTree = "<group>"; };
		32CA4F630368D1EE00C91783 /* PhoneGapRescue-Prefix.pch */ = {isa = PBXFileReference; fileEncoding = 4; lastKnownFileType = sourcecode.c.h; path = "PhoneGapRescue-Prefix.pch"; sourceTree = "<group>"; };
		347AD95C73D7406EA571EAEE /* CDVViewController+SplashScreen.m */ = {isa = PBXFileReference; explicitFileType = undefined; fileEncoding = 4; includeInIndex = 0; lastKnownFileType = sourcecode.c.objc; name = "CDVViewController+SplashScreen.m"; path = "cordova-plugin-splashscreen/CDVViewController+SplashScreen.m"; sourceTree = "<group>"; };
		36AE63AA72FC497EA15E139E /* CoreLocation.framework */ = {isa = PBXFileReference; explicitFileType = undefined; fileEncoding = 9; includeInIndex = 0; lastKnownFileType = wrapper.framework; name = CoreLocation.framework; path = System/Library/Frameworks/CoreLocation.framework; sourceTree = SDKROOT; };
		370020DDB77C4C9991842BF5 /* CDVLocalFilesystem.h */ = {isa = PBXFileReference; explicitFileType = undefined; fileEncoding = 4; includeInIndex = 0; lastKnownFileType = sourcecode.c.h; name = CDVLocalFilesystem.h; path = "cordova-plugin-file/CDVLocalFilesystem.h"; sourceTree = "<group>"; };
		3AB164B7589F49038BFED9C5 /* CDVFileTransfer.h */ = {isa = PBXFileReference; explicitFileType = undefined; fileEncoding = 4; includeInIndex = 0; lastKnownFileType = sourcecode.c.h; name = CDVFileTransfer.h; path = "cordova-plugin-file-transfer/CDVFileTransfer.h"; sourceTree = "<group>"; };
		3B1434C64B354426958CBEC4 /* CDVDevice.m */ = {isa = PBXFileReference; explicitFileType = undefined; fileEncoding = 4; includeInIndex = 0; lastKnownFileType = sourcecode.c.objc; name = CDVDevice.m; path = "cordova-plugin-device/CDVDevice.m"; sourceTree = "<group>"; };
		40C0048835CD4BC880D5C037 /* CDVFile.h */ = {isa = PBXFileReference; explicitFileType = undefined; fileEncoding = 4; includeInIndex = 0; lastKnownFileType = sourcecode.c.h; name = CDVFile.h; path = "cordova-plugin-file/CDVFile.h"; sourceTree = "<group>"; };
		4235F12C0989432F852606E8 /* CDVExif.h */ = {isa = PBXFileReference; explicitFileType = undefined; fileEncoding = 4; includeInIndex = 0; lastKnownFileType = sourcecode.c.h; name = CDVExif.h; path = "cordova-plugin-camera/CDVExif.h"; sourceTree = "<group>"; };
		42516425D697468FB2FF0DAB /* CoreTelephony.framework */ = {isa = PBXFileReference; explicitFileType = undefined; fileEncoding = 9; includeInIndex = 0; lastKnownFileType = wrapper.framework; name = CoreTelephony.framework; path = System/Library/Frameworks/CoreTelephony.framework; sourceTree = SDKROOT; };
		47DA2BB5271B4872A34230DF /* ImageIO.framework */ = {isa = PBXFileReference; explicitFileType = undefined; fileEncoding = 9; includeInIndex = 0; lastKnownFileType = wrapper.framework; name = ImageIO.framework; path = System/Library/Frameworks/ImageIO.framework; sourceTree = SDKROOT; };
		4E4078E7F49147AC98876C53 /* CDVAccelerometer.h */ = {isa = PBXFileReference; explicitFileType = undefined; fileEncoding = 4; includeInIndex = 0; lastKnownFileType = sourcecode.c.h; name = CDVAccelerometer.h; path = "cordova-plugin-device-motion/CDVAccelerometer.h"; sourceTree = "<group>"; };
		4EB670040AF74733B15ED05E /* CDVGlobalization.m */ = {isa = PBXFileReference; explicitFileType = undefined; fileEncoding = 4; includeInIndex = 0; lastKnownFileType = sourcecode.c.objc; name = CDVGlobalization.m; path = "cordova-plugin-globalization/CDVGlobalization.m"; sourceTree = "<group>"; };
		522D5E0836014826AF46C38B /* CDVSplashScreen.m */ = {isa = PBXFileReference; explicitFileType = undefined; fileEncoding = 4; includeInIndex = 0; lastKnownFileType = sourcecode.c.objc; name = CDVSplashScreen.m; path = "cordova-plugin-splashscreen/CDVSplashScreen.m"; sourceTree = "<group>"; };
		576FD93998E6463EBF3B0455 /* CDVContacts.h */ = {isa = PBXFileReference; explicitFileType = undefined; fileEncoding = 4; includeInIndex = 0; lastKnownFileType = sourcecode.c.h; name = CDVContacts.h; path = "cordova-plugin-contacts/CDVContacts.h"; sourceTree = "<group>"; };
		57884911B16143F7AA121EFF /* CDVLogger.h */ = {isa = PBXFileReference; explicitFileType = undefined; fileEncoding = 4; includeInIndex = 0; lastKnownFileType = sourcecode.c.h; name = CDVLogger.h; path = "cordova-plugin-console/CDVLogger.h"; sourceTree = "<group>"; };
		610FEC610B734544A0ADE841 /* CFCallNumber.h */ = {isa = PBXFileReference; explicitFileType = undefined; fileEncoding = 4; includeInIndex = 0; lastKnownFileType = sourcecode.c.h; name = CFCallNumber.h; path = "call-number/CFCallNumber.h"; sourceTree = "<group>"; };
		6266B0C06E274E449853C6A6 /* CDVBattery.m */ = {isa = PBXFileReference; explicitFileType = undefined; fileEncoding = 4; includeInIndex = 0; lastKnownFileType = sourcecode.c.objc; name = CDVBattery.m; path = "cordova-plugin-battery-status/CDVBattery.m"; sourceTree = "<group>"; };
		69BA379EB80B482E8E62676D /* CDVCompass.m */ = {isa = PBXFileReference; explicitFileType = undefined; fileEncoding = 4; includeInIndex = 0; lastKnownFileType = sourcecode.c.objc; name = CDVCompass.m; path = "cordova-plugin-device-orientation/CDVCompass.m"; sourceTree = "<group>"; };
		6AFF5BF81D6E424B00AB3073 /* CDVLaunchScreen.storyboard */ = {isa = PBXFileReference; fileEncoding = 4; lastKnownFileType = file.storyboard; name = CDVLaunchScreen.storyboard; path = PhoneGapRescue/CDVLaunchScreen.storyboard; sourceTree = SOURCE_ROOT; };
		6B8BA4E694AC48F893340EDF /* CDVJpegHeaderWriter.m */ = {isa = PBXFileReference; explicitFileType = undefined; fileEncoding = 4; includeInIndex = 0; lastKnownFileType = sourcecode.c.objc; name = CDVJpegHeaderWriter.m; path = "cordova-plugin-camera/CDVJpegHeaderWriter.m"; sourceTree = "<group>"; };
		7175C293355945F792747457 /* CDVLogger.m */ = {isa = PBXFileReference; explicitFileType = undefined; fileEncoding = 4; includeInIndex = 0; lastKnownFileType = sourcecode.c.objc; name = CDVLogger.m; path = "cordova-plugin-console/CDVLogger.m"; sourceTree = "<group>"; };
		73B6AD3E5CBC4E8CBBC16C98 /* CDVStatusBar.h */ = {isa = PBXFileReference; explicitFileType = undefined; fileEncoding = 4; includeInIndex = 0; lastKnownFileType = sourcecode.c.h; name = CDVStatusBar.h; path = "cordova-plugin-statusbar/CDVStatusBar.h"; sourceTree = "<group>"; };
		7601EC94C0864455842C01AF /* CDVCamera.m */ = {isa = PBXFileReference; explicitFileType = undefined; fileEncoding = 4; includeInIndex = 0; lastKnownFileType = sourcecode.c.objc; name = CDVCamera.m; path = "cordova-plugin-camera/CDVCamera.m"; sourceTree = "<group>"; };
		777441A6DBBD44609F465A65 /* CDVJpegHeaderWriter.h */ = {isa = PBXFileReference; explicitFileType = undefined; fileEncoding = 4; includeInIndex = 0; lastKnownFileType = sourcecode.c.h; name = CDVJpegHeaderWriter.h; path = "cordova-plugin-camera/CDVJpegHeaderWriter.h"; sourceTree = "<group>"; };
		786F263A30BE415EADFA8A5C /* CDVConnection.m */ = {isa = PBXFileReference; explicitFileType = undefined; fileEncoding = 4; includeInIndex = 0; lastKnownFileType = sourcecode.c.objc; name = CDVConnection.m; path = "cordova-plugin-network-information/CDVConnection.m"; sourceTree = "<group>"; };
		7D0CE2F140414AE9BA264040 /* CDVNotification.bundle */ = {isa = PBXFileReference; explicitFileType = undefined; fileEncoding = 9; includeInIndex = 0; lastKnownFileType = "wrapper.plug-in"; path = CDVNotification.bundle; sourceTree = "<group>"; };
		7D33009BA9AC462296A08294 /* CDVVibration.m */ = {isa = PBXFileReference; explicitFileType = undefined; fileEncoding = 4; includeInIndex = 0; lastKnownFileType = sourcecode.c.objc; name = CDVVibration.m; path = "cordova-plugin-vibration/CDVVibration.m"; sourceTree = "<group>"; };
		7E03EA66DB36431388AD68E1 /* CDVVibration.h */ = {isa = PBXFileReference; explicitFileType = undefined; fileEncoding = 4; includeInIndex = 0; lastKnownFileType = sourcecode.c.h; name = CDVVibration.h; path = "cordova-plugin-vibration/CDVVibration.h"; sourceTree = "<group>"; };
		80EFDD2FDAB545C092A29E4E /* CDVLocation.m */ = {isa = PBXFileReference; explicitFileType = undefined; fileEncoding = 4; includeInIndex = 0; lastKnownFileType = sourcecode.c.objc; name = CDVLocation.m; path = "cordova-plugin-geolocation/CDVLocation.m"; sourceTree = "<group>"; };
		84C7ECBCBD5F4CBBBCEB05FC /* AVFoundation.framework */ = {isa = PBXFileReference; explicitFileType = undefined; fileEncoding = 9; includeInIndex = 0; lastKnownFileType = wrapper.framework; name = AVFoundation.framework; path = System/Library/Frameworks/AVFoundation.framework; sourceTree = SDKROOT; };
		8D1107310486CEB800E47090 /* PhoneGapRescue-Info.plist */ = {isa = PBXFileReference; fileEncoding = 4; lastKnownFileType = text.plist.xml; name = "PhoneGapRescue-Info.plist"; path = "PhoneGapRescue/PhoneGapRescue-Info.plist"; plistStructureDefinitionIdentifier = "com.apple.xcode.plist.structure-definition.iphone.info-plist"; sourceTree = SOURCE_ROOT; };
		8D13188546FF400AB040027E /* CDVCamera.h */ = {isa = PBXFileReference; explicitFileType = undefined; fileEncoding = 4; includeInIndex = 0; lastKnownFileType = sourcecode.c.h; name = CDVCamera.h; path = "cordova-plugin-camera/CDVCamera.h"; sourceTree = "<group>"; };
		8D9AD9A7F1A449DBBE87242B /* CDVViewController+SplashScreen.h */ = {isa = PBXFileReference; explicitFileType = undefined; fileEncoding = 4; includeInIndex = 0; lastKnownFileType = sourcecode.c.h; name = "CDVViewController+SplashScreen.h"; path = "cordova-plugin-splashscreen/CDVViewController+SplashScreen.h"; sourceTree = "<group>"; };
		94ACD7B81ED947128993D25D /* LaunchNavigator.h */ = {isa = PBXFileReference; explicitFileType = undefined; fileEncoding = 4; includeInIndex = 0; lastKnownFileType = sourcecode.c.h; name = LaunchNavigator.h; path = uk.co.workingedge.phonegap.plugin.launchnavigator/LaunchNavigator.h; sourceTree = "<group>"; };
		94BAEEDE0DF34B9A91DF4CA1 /* LaunchNavigator.m */ = {isa = PBXFileReference; explicitFileType = undefined; fileEncoding = 4; includeInIndex = 0; lastKnownFileType = sourcecode.c.objc; name = LaunchNavigator.m; path = uk.co.workingedge.phonegap.plugin.launchnavigator/LaunchNavigator.m; sourceTree = "<group>"; };
		9504DDB44C3F49A388148C90 /* SystemConfiguration.framework */ = {isa = PBXFileReference; explicitFileType = undefined; fileEncoding = 9; includeInIndex = 0; lastKnownFileType = wrapper.framework; name = SystemConfiguration.framework; path = System/Library/Frameworks/SystemConfiguration.framework; sourceTree = SDKROOT; };
		9A90EC9C3B0B4ABA94AFCAF4 /* CDVCapture.bundle */ = {isa = PBXFileReference; explicitFileType = undefined; fileEncoding = 9; includeInIndex = 0; lastKnownFileType = "wrapper.plug-in"; path = CDVCapture.bundle; sourceTree = "<group>"; };
		A38EAA7B8FFA4D8290E5A2FA /* AddressBook.framework */ = {isa = PBXFileReference; explicitFileType = undefined; fileEncoding = 9; includeInIndex = 0; lastKnownFileType = wrapper.framework; name = AddressBook.framework; path = System/Library/Frameworks/AddressBook.framework; sourceTree = SDKROOT; };
		A6B7AFF517454318BF2EDE60 /* CMMapLauncher.m */ = {isa = PBXFileReference; explicitFileType = undefined; fileEncoding = 4; includeInIndex = 0; lastKnownFileType = sourcecode.c.objc; name = CMMapLauncher.m; path = uk.co.workingedge.phonegap.plugin.launchnavigator/CMMapLauncher.m; sourceTree = "<group>"; };
		A9871B50E10942AD8CD2936E /* MapKit.framework */ = {isa = PBXFileReference; explicitFileType = undefined; fileEncoding = 9; includeInIndex = 0; lastKnownFileType = wrapper.framework; name = MapKit.framework; path = System/Library/Frameworks/MapKit.framework; sourceTree = SDKROOT; };
		ACD6A89BD86D43FF92B1B1B5 /* CDVAccelerometer.m */ = {isa = PBXFileReference; explicitFileType = undefined; fileEncoding = 4; includeInIndex = 0; lastKnownFileType = sourcecode.c.objc; name = CDVAccelerometer.m; path = "cordova-plugin-device-motion/CDVAccelerometer.m"; sourceTree = "<group>"; };
		AD40C54B62684CC780AEC5A0 /* CDVCapture.h */ = {isa = PBXFileReference; explicitFileType = undefined; fileEncoding = 4; includeInIndex = 0; lastKnownFileType = sourcecode.c.h; name = CDVCapture.h; path = "cordova-plugin-media-capture/CDVCapture.h"; sourceTree = "<group>"; };
		AF1FCDCF883F4D60A9317FDA /* CDVCompass.h */ = {isa = PBXFileReference; explicitFileType = undefined; fileEncoding = 4; includeInIndex = 0; lastKnownFileType = sourcecode.c.h; name = CDVCompass.h; path = "cordova-plugin-device-orientation/CDVCompass.h"; sourceTree = "<group>"; };
		AF9BF95E4856489586FB5532 /* CoreMotion.framework */ = {isa = PBXFileReference; explicitFileType = undefined; fileEncoding = 9; includeInIndex = 0; lastKnownFileType = wrapper.framework; name = CoreMotion.framework; path = System/Library/Frameworks/CoreMotion.framework; sourceTree = SDKROOT; };
		B9827849D9184A29B946A0DC /* CDVNotification.h */ = {isa = PBXFileReference; explicitFileType = undefined; fileEncoding = 4; includeInIndex = 0; lastKnownFileType = sourcecode.c.h; name = CDVNotification.h; path = "cordova-plugin-dialogs/CDVNotification.h"; sourceTree = "<group>"; };
		B9C50FDFE1E44F9993141297 /* CDVCapture.m */ = {isa = PBXFileReference; explicitFileType = undefined; fileEncoding = 4; includeInIndex = 0; lastKnownFileType = sourcecode.c.objc; name = CDVCapture.m; path = "cordova-plugin-media-capture/CDVCapture.m"; sourceTree = "<group>"; };
		C48FFF2BBA7F4BD8A17E9FB1 /* libz.tbd */ = {isa = PBXFileReference; explicitFileType = undefined; fileEncoding = 9; includeInIndex = 0; lastKnownFileType = "sourcecode.text-based-dylib-definition"; name = libz.tbd; path = usr/lib/libz.tbd; sourceTree = SDKROOT; };
		C82C3DDF840B41C89D399068 /* CDVStatusBar.m */ = {isa = PBXFileReference; explicitFileType = undefined; fileEncoding = 4; includeInIndex = 0; lastKnownFileType = sourcecode.c.objc; name = CDVStatusBar.m; path = "cordova-plugin-statusbar/CDVStatusBar.m"; sourceTree = "<group>"; };
		CEAB65DC1A144760801A50C7 /* UIImage+CropScaleOrientation.h */ = {isa = PBXFileReference; explicitFileType = undefined; fileEncoding = 4; includeInIndex = 0; lastKnownFileType = sourcecode.c.h; name = "UIImage+CropScaleOrientation.h"; path = "cordova-plugin-camera/UIImage+CropScaleOrientation.h"; sourceTree = "<group>"; };
		D127D31A53A548578420443D /* ActionSheet.m */ = {isa = PBXFileReference; explicitFileType = undefined; fileEncoding = 4; includeInIndex = 0; lastKnownFileType = sourcecode.c.objc; name = ActionSheet.m; path = "cordova-plugin-actionsheet/ActionSheet.m"; sourceTree = "<group>"; };
		D1ED4AAC464046BD8C72CA35 /* CDVConnection.h */ = {isa = PBXFileReference; explicitFileType = undefined; fileEncoding = 4; includeInIndex = 0; lastKnownFileType = sourcecode.c.h; name = CDVConnection.h; path = "cordova-plugin-network-information/CDVConnection.h"; sourceTree = "<group>"; };
		DDA088F3BA944E6EAD02B6FB /* AddressBookUI.framework */ = {isa = PBXFileReference; explicitFileType = undefined; fileEncoding = 9; includeInIndex = 0; lastKnownFileType = wrapper.framework; name = AddressBookUI.framework; path = System/Library/Frameworks/AddressBookUI.framework; sourceTree = SDKROOT; };
		DFF26FE258D1465B9FCCE929 /* CDVLocation.h */ = {isa = PBXFileReference; explicitFileType = undefined; fileEncoding = 4; includeInIndex = 0; lastKnownFileType = sourcecode.c.h; name = CDVLocation.h; path = "cordova-plugin-geolocation/CDVLocation.h"; sourceTree = "<group>"; };
		E1EA6F28575543AD9407AD0C /* CDVSound.m */ = {isa = PBXFileReference; explicitFileType = undefined; fileEncoding = 4; includeInIndex = 0; lastKnownFileType = sourcecode.c.objc; name = CDVSound.m; path = "cordova-plugin-media/CDVSound.m"; sourceTree = "<group>"; };
		E25E3BA989154A6082239481 /* UIImage+CropScaleOrientation.m */ = {isa = PBXFileReference; explicitFileType = undefined; fileEncoding = 4; includeInIndex = 0; lastKnownFileType = sourcecode.c.objc; name = "UIImage+CropScaleOrientation.m"; path = "cordova-plugin-camera/UIImage+CropScaleOrientation.m"; sourceTree = "<group>"; };
		E5464F3DC4F24A2AA7B04B61 /* CDVDevice.h */ = {isa = PBXFileReference; explicitFileType = undefined; fileEncoding = 4; includeInIndex = 0; lastKnownFileType = sourcecode.c.h; name = CDVDevice.h; path = "cordova-plugin-device/CDVDevice.h"; sourceTree = "<group>"; };
		E590F5FDFC8041539FD34DB8 /* CDVLocalFilesystem.m */ = {isa = PBXFileReference; explicitFileType = undefined; fileEncoding = 4; includeInIndex = 0; lastKnownFileType = sourcecode.c.objc; name = CDVLocalFilesystem.m; path = "cordova-plugin-file/CDVLocalFilesystem.m"; sourceTree = "<group>"; };
		E5D714A7D48E493EBD01CE89 /* CMMapLauncher.h */ = {isa = PBXFileReference; explicitFileType = undefined; fileEncoding = 4; includeInIndex = 0; lastKnownFileType = sourcecode.c.h; name = CMMapLauncher.h; path = uk.co.workingedge.phonegap.plugin.launchnavigator/CMMapLauncher.h; sourceTree = "<group>"; };
		EB87FDF31871DA8E0020F90C /* www */ = {isa = PBXFileReference; lastKnownFileType = folder; name = www; path = ../../www; sourceTree = "<group>"; };
		EB87FDF41871DAF40020F90C /* config.xml */ = {isa = PBXFileReference; lastKnownFileType = text.xml; name = config.xml; path = ../../config.xml; sourceTree = "<group>"; };
		ED33DF2A687741AEAF9F8254 /* Bridging-Header.h */ = {isa = PBXFileReference; fileEncoding = 4; lastKnownFileType = sourcecode.c.h; path = "Bridging-Header.h"; sourceTree = "<group>"; };
		F0DEBC2D44C4434AB3BDE611 /* CDVBattery.h */ = {isa = PBXFileReference; explicitFileType = undefined; fileEncoding = 4; includeInIndex = 0; lastKnownFileType = sourcecode.c.h; name = CDVBattery.h; path = "cordova-plugin-battery-status/CDVBattery.h"; sourceTree = "<group>"; };
		F7617C65285F4A92808D291D /* CDVFile.m */ = {isa = PBXFileReference; explicitFileType = undefined; fileEncoding = 4; includeInIndex = 0; lastKnownFileType = sourcecode.c.objc; name = CDVFile.m; path = "cordova-plugin-file/CDVFile.m"; sourceTree = "<group>"; };
		F840E1F0165FE0F500CFE078 /* config.xml */ = {isa = PBXFileReference; lastKnownFileType = text.xml; name = config.xml; path = PhoneGapRescue/config.xml; sourceTree = "<group>"; };
		FA1EC90A87E44292A8F46BB5 /* CDVFileTransfer.m */ = {isa = PBXFileReference; explicitFileType = undefined; fileEncoding = 4; includeInIndex = 0; lastKnownFileType = sourcecode.c.objc; name = CDVFileTransfer.m; path = "cordova-plugin-file-transfer/CDVFileTransfer.m"; sourceTree = "<group>"; };
		F4837304D5CC48FF984D0702 /* PhoneCaller.m */ = {isa = PBXFileReference; name = "PhoneCaller.m"; path = "cordova-plugin-phonecaller/PhoneCaller.m"; sourceTree = "<group>"; fileEncoding = 4; lastKnownFileType = sourcecode.c.objc; explicitFileType = undefined; includeInIndex = 0; };
		70DDD8D3D0EB48CFA84033D6 /* PhoneCaller.h */ = {isa = PBXFileReference; name = "PhoneCaller.h"; path = "cordova-plugin-phonecaller/PhoneCaller.h"; sourceTree = "<group>"; fileEncoding = 4; lastKnownFileType = sourcecode.c.h; explicitFileType = undefined; includeInIndex = 0; };
/* End PBXFileReference section */

/* Begin PBXFrameworksBuildPhase section */
		1D60588F0D05DD3D006BFB54 /* Frameworks */ = {
			isa = PBXFrameworksBuildPhase;
			buildActionMask = 2147483647;
			files = (
				301BF552109A68D80062928A /* libCordova.a in Frameworks */,
				6A1198FEB37E4CAEBE5BAFDB /* ImageIO.framework in Frameworks */,
				48C8D83EB2BA4046B5D963BD /* CoreLocation.framework in Frameworks */,
				FB1433A331FE4115A36CE492 /* AVFoundation.framework in Frameworks */,
				424743A9CAEA4C96B3A8676F /* AddressBook.framework in Frameworks */,
				5F08273F16E74EF4BCFCB16A /* AddressBookUI.framework in Frameworks */,
				CEEE8BF3E1374086A1C534BC /* libz.tbd in Frameworks */,
				87938A820BEB4033961E573C /* CoreMotion.framework in Frameworks */,
				90EAECDD5B4F4452A2787DCE /* AudioToolbox.framework in Frameworks */,
				B1EBCE5E076E45B7A62C189D /* SystemConfiguration.framework in Frameworks */,
				A5059EFC77D644BAAC914A11 /* CoreTelephony.framework in Frameworks */,
				6B9CBFF57BD8404191889ADE /* MapKit.framework in Frameworks */,
			);
			runOnlyForDeploymentPostprocessing = 0;
		};
/* End PBXFrameworksBuildPhase section */

/* Begin PBXGroup section */
		080E96DDFE201D6D7F000001 /* Classes */ = {
			isa = PBXGroup;
			children = (
				302D95EE14D2391D003F00A1 /* MainViewController.h */,
				302D95EF14D2391D003F00A1 /* MainViewController.m */,
				302D95F014D2391D003F00A1 /* MainViewController.xib */,
				1D3623240D0F684500981E51 /* AppDelegate.h */,
				1D3623250D0F684500981E51 /* AppDelegate.m */,
			);
			name = Classes;
			path = PhoneGapRescue/Classes;
			sourceTree = SOURCE_ROOT;
		};
		19C28FACFE9D520D11CA2CBB /* Products */ = {
			isa = PBXGroup;
			children = (
				1D6058910D05DD3D006BFB54 /* PhoneGapRescue.app */,
			);
			name = Products;
			sourceTree = "<group>";
		};
		29B97314FDCFA39411CA2CEA /* CustomTemplate */ = {
			isa = PBXGroup;
			children = (
				EB87FDF41871DAF40020F90C /* config.xml */,
				EB87FDF31871DA8E0020F90C /* www */,
				EB87FDF11871DA420020F90C /* Staging */,
				301BF52D109A57CC0062928A /* CordovaLib.xcodeproj */,
				080E96DDFE201D6D7F000001 /* Classes */,
				307C750510C5A3420062BCA9 /* Plugins */,
				29B97315FDCFA39411CA2CEA /* Other Sources */,
				29B97317FDCFA39411CA2CEA /* Resources */,
				29B97323FDCFA39411CA2CEA /* Frameworks */,
				19C28FACFE9D520D11CA2CBB /* Products */,
			);
			name = CustomTemplate;
			sourceTree = "<group>";
		};
		29B97315FDCFA39411CA2CEA /* Other Sources */ = {
			isa = PBXGroup;
			children = (
				32CA4F630368D1EE00C91783 /* PhoneGapRescue-Prefix.pch */,
				29B97316FDCFA39411CA2CEA /* main.m */,
				ED33DF2A687741AEAF9F8254 /* Bridging-Header.h */,
			);
			name = "Other Sources";
			path = PhoneGapRescue;
			sourceTree = "<group>";
		};
		29B97317FDCFA39411CA2CEA /* Resources */ = {
			isa = PBXGroup;
			children = (
				0207DA571B56EA530066E2B4 /* Images.xcassets */,
				3047A50E1AB8057F00498E2A /* config */,
				8D1107310486CEB800E47090 /* PhoneGapRescue-Info.plist */,
				6AFF5BF81D6E424B00AB3073 /* CDVLaunchScreen.storyboard */,
				7D0CE2F140414AE9BA264040 /* CDVNotification.bundle */,
				9A90EC9C3B0B4ABA94AFCAF4 /* CDVCapture.bundle */,
			);
			name = Resources;
			path = PhoneGapRescue/Resources;
			sourceTree = "<group>";
		};
		29B97323FDCFA39411CA2CEA /* Frameworks */ = {
			isa = PBXGroup;
			children = (
				47DA2BB5271B4872A34230DF /* ImageIO.framework */,
				36AE63AA72FC497EA15E139E /* CoreLocation.framework */,
				84C7ECBCBD5F4CBBBCEB05FC /* AVFoundation.framework */,
				A38EAA7B8FFA4D8290E5A2FA /* AddressBook.framework */,
				DDA088F3BA944E6EAD02B6FB /* AddressBookUI.framework */,
				C48FFF2BBA7F4BD8A17E9FB1 /* libz.tbd */,
				AF9BF95E4856489586FB5532 /* CoreMotion.framework */,
				2A4D7425E49340248D5ED9D5 /* AudioToolbox.framework */,
				9504DDB44C3F49A388148C90 /* SystemConfiguration.framework */,
				42516425D697468FB2FF0DAB /* CoreTelephony.framework */,
				A9871B50E10942AD8CD2936E /* MapKit.framework */,
			);
			name = Frameworks;
			sourceTree = "<group>";
		};
		301BF52E109A57CC0062928A /* Products */ = {
			isa = PBXGroup;
			children = (
				301BF535109A57CC0062928A /* libCordova.a */,
			);
			name = Products;
			sourceTree = "<group>";
		};
		3047A50E1AB8057F00498E2A /* config */ = {
			isa = PBXGroup;
			children = (
				3047A50F1AB8059700498E2A /* build-debug.xcconfig */,
				3047A5101AB8059700498E2A /* build-release.xcconfig */,
				3047A5111AB8059700498E2A /* build.xcconfig */,
			);
			name = config;
			sourceTree = "<group>";
		};
		307C750510C5A3420062BCA9 /* Plugins */ = {
			isa = PBXGroup;
			children = (
				6266B0C06E274E449853C6A6 /* CDVBattery.m */,
				F0DEBC2D44C4434AB3BDE611 /* CDVBattery.h */,
				E25E3BA989154A6082239481 /* UIImage+CropScaleOrientation.m */,
				7601EC94C0864455842C01AF /* CDVCamera.m */,
				6B8BA4E694AC48F893340EDF /* CDVJpegHeaderWriter.m */,
				CEAB65DC1A144760801A50C7 /* UIImage+CropScaleOrientation.h */,
				8D13188546FF400AB040027E /* CDVCamera.h */,
				777441A6DBBD44609F465A65 /* CDVJpegHeaderWriter.h */,
				4235F12C0989432F852606E8 /* CDVExif.h */,
				7175C293355945F792747457 /* CDVLogger.m */,
				57884911B16143F7AA121EFF /* CDVLogger.h */,
				255AC095F9764F5EA1348674 /* CDVContacts.m */,
				0982B8BC15B3487DA62458B8 /* CDVContact.m */,
				576FD93998E6463EBF3B0455 /* CDVContacts.h */,
				010C4AA69FFB40F18A652DBC /* CDVContact.h */,
				3B1434C64B354426958CBEC4 /* CDVDevice.m */,
				E5464F3DC4F24A2AA7B04B61 /* CDVDevice.h */,
				ACD6A89BD86D43FF92B1B1B5 /* CDVAccelerometer.m */,
				4E4078E7F49147AC98876C53 /* CDVAccelerometer.h */,
				69BA379EB80B482E8E62676D /* CDVCompass.m */,
				AF1FCDCF883F4D60A9317FDA /* CDVCompass.h */,
				065311C8020846F28F5FE0A3 /* CDVNotification.m */,
				B9827849D9184A29B946A0DC /* CDVNotification.h */,
				F7617C65285F4A92808D291D /* CDVFile.m */,
				E590F5FDFC8041539FD34DB8 /* CDVLocalFilesystem.m */,
				2F64EF50828248D89A7D5F89 /* CDVAssetLibraryFilesystem.m */,
				40C0048835CD4BC880D5C037 /* CDVFile.h */,
				370020DDB77C4C9991842BF5 /* CDVLocalFilesystem.h */,
				2DA531CE09B14A0C8800517D /* CDVAssetLibraryFilesystem.h */,
				FA1EC90A87E44292A8F46BB5 /* CDVFileTransfer.m */,
				3AB164B7589F49038BFED9C5 /* CDVFileTransfer.h */,
				80EFDD2FDAB545C092A29E4E /* CDVLocation.m */,
				DFF26FE258D1465B9FCCE929 /* CDVLocation.h */,
				4EB670040AF74733B15ED05E /* CDVGlobalization.m */,
				00A01591692F49EE89B3B721 /* CDVGlobalization.h */,
				0E68E5E07A074C1F837FCF39 /* CDVInAppBrowser.m */,
				328ED90235114926B8343351 /* CDVInAppBrowser.h */,
				E1EA6F28575543AD9407AD0C /* CDVSound.m */,
				2235D8612C7F40EFA00BDE77 /* CDVSound.h */,
				B9C50FDFE1E44F9993141297 /* CDVCapture.m */,
				AD40C54B62684CC780AEC5A0 /* CDVCapture.h */,
				786F263A30BE415EADFA8A5C /* CDVConnection.m */,
				2DD7A3CA4CCC4126A2F9411B /* CDVReachability.m */,
				D1ED4AAC464046BD8C72CA35 /* CDVConnection.h */,
				111608086E1A46AA894F45C1 /* CDVReachability.h */,
				522D5E0836014826AF46C38B /* CDVSplashScreen.m */,
				347AD95C73D7406EA571EAEE /* CDVViewController+SplashScreen.m */,
				238095FA7BFF430E828C2732 /* CDVSplashScreen.h */,
				8D9AD9A7F1A449DBBE87242B /* CDVViewController+SplashScreen.h */,
				C82C3DDF840B41C89D399068 /* CDVStatusBar.m */,
				73B6AD3E5CBC4E8CBBC16C98 /* CDVStatusBar.h */,
				7D33009BA9AC462296A08294 /* CDVVibration.m */,
				7E03EA66DB36431388AD68E1 /* CDVVibration.h */,
				16F1D5C1D31444828445F00F /* CFCallNumber.m */,
				610FEC610B734544A0ADE841 /* CFCallNumber.h */,
				D127D31A53A548578420443D /* ActionSheet.m */,
				04AB68B378834AB1BB2D3796 /* ActionSheet.h */,
				A6B7AFF517454318BF2EDE60 /* CMMapLauncher.m */,
				94BAEEDE0DF34B9A91DF4CA1 /* LaunchNavigator.m */,
				E5D714A7D48E493EBD01CE89 /* CMMapLauncher.h */,
				94ACD7B81ED947128993D25D /* LaunchNavigator.h */,
				F4837304D5CC48FF984D0702 /* PhoneCaller.m */,
				70DDD8D3D0EB48CFA84033D6 /* PhoneCaller.h */,
			);
			name = Plugins;
			path = PhoneGapRescue/Plugins;
			sourceTree = SOURCE_ROOT;
		};
		EB87FDF11871DA420020F90C /* Staging */ = {
			isa = PBXGroup;
			children = (
				F840E1F0165FE0F500CFE078 /* config.xml */,
				301BF56E109A69640062928A /* www */,
			);
			name = Staging;
			sourceTree = "<group>";
		};
/* End PBXGroup section */

/* Begin PBXNativeTarget section */
		1D6058900D05DD3D006BFB54 /* PhoneGapRescue */ = {
			isa = PBXNativeTarget;
			buildConfigurationList = 1D6058960D05DD3E006BFB54 /* Build configuration list for PBXNativeTarget "PhoneGapRescue" */;
			buildPhases = (
				304B58A110DAC018002A0835 /* Copy www directory */,
				1D60588D0D05DD3D006BFB54 /* Resources */,
				1D60588E0D05DD3D006BFB54 /* Sources */,
				1D60588F0D05DD3D006BFB54 /* Frameworks */,
			);
			buildRules = (
			);
			dependencies = (
				301BF551109A68C00062928A /* PBXTargetDependency */,
			);
			name = PhoneGapRescue;
			productName = PhoneGapRescue;
			productReference = 1D6058910D05DD3D006BFB54 /* PhoneGapRescue.app */;
			productType = "com.apple.product-type.application";
		};
/* End PBXNativeTarget section */

/* Begin PBXProject section */
		29B97313FDCFA39411CA2CEA /* Project object */ = {
			isa = PBXProject;
			attributes = {
				LastUpgradeCheck = 510;
			};
			buildConfigurationList = C01FCF4E08A954540054247B /* Build configuration list for PBXProject "PhoneGapRescue" */;
			compatibilityVersion = "Xcode 3.2";
			developmentRegion = English;
			hasScannedForEncodings = 1;
			knownRegions = (
				en,
			);
			mainGroup = 29B97314FDCFA39411CA2CEA /* CustomTemplate */;
			projectDirPath = "";
			projectReferences = (
				{
					ProductGroup = 301BF52E109A57CC0062928A /* Products */;
					ProjectRef = 301BF52D109A57CC0062928A /* CordovaLib.xcodeproj */;
				},
			);
			projectRoot = "";
			targets = (
				1D6058900D05DD3D006BFB54 /* PhoneGapRescue */,
			);
		};
/* End PBXProject section */

/* Begin PBXReferenceProxy section */
		301BF535109A57CC0062928A /* libCordova.a */ = {
			isa = PBXReferenceProxy;
			fileType = archive.ar;
			path = libCordova.a;
			remoteRef = 301BF534109A57CC0062928A /* PBXContainerItemProxy */;
			sourceTree = BUILT_PRODUCTS_DIR;
		};
/* End PBXReferenceProxy section */

/* Begin PBXResourcesBuildPhase section */
		1D60588D0D05DD3D006BFB54 /* Resources */ = {
			isa = PBXResourcesBuildPhase;
			buildActionMask = 2147483647;
			files = (
				302D95F214D2391D003F00A1 /* MainViewController.xib in Resources */,
				0207DA581B56EA530066E2B4 /* Images.xcassets in Resources */,
				6AFF5BF91D6E424B00AB3073 /* CDVLaunchScreen.storyboard in Resources */,
				D4128899EFB5443BA395EE15 /* CDVNotification.bundle in Resources */,
				BE575EECBF774D2F95474CA6 /* CDVCapture.bundle in Resources */,
			);
			runOnlyForDeploymentPostprocessing = 0;
		};
/* End PBXResourcesBuildPhase section */

/* Begin PBXShellScriptBuildPhase section */
		304B58A110DAC018002A0835 /* Copy www directory */ = {
			isa = PBXShellScriptBuildPhase;
			buildActionMask = 2147483647;
			files = (
			);
			inputPaths = (
			);
			name = "Copy www directory";
			outputPaths = (
			);
			runOnlyForDeploymentPostprocessing = 0;
			shellPath = /bin/sh;
			shellScript = "NODEJS_PATH=/usr/local/bin; NVM_NODE_PATH=~/.nvm/versions/node/`nvm version 2>/dev/null`/bin; N_NODE_PATH=`find /usr/local/n/versions/node/* -maxdepth 0 -type d 2>/dev/null | tail -1`/bin; XCODE_NODE_PATH=`xcode-select --print-path`/usr/share/xcs/Node/bin; PATH=$NODEJS_PATH:$NVM_NODE_PATH:$N_NODE_PATH:$XCODE_NODE_PATH:$PATH && node cordova/lib/copy-www-build-step.js";
			showEnvVarsInLog = 0;
		};
/* End PBXShellScriptBuildPhase section */

/* Begin PBXSourcesBuildPhase section */
		1D60588E0D05DD3D006BFB54 /* Sources */ = {
			isa = PBXSourcesBuildPhase;
			buildActionMask = 2147483647;
			files = (
				1D60589B0D05DD56006BFB54 /* main.m in Sources */,
				1D3623260D0F684500981E51 /* AppDelegate.m in Sources */,
				302D95F114D2391D003F00A1 /* MainViewController.m in Sources */,
				DF7969560F3F4B5DB3C9A2D3 /* CDVBattery.m in Sources */,
				D894B99D036B460FB32820B6 /* UIImage+CropScaleOrientation.m in Sources */,
				50CC1ED47FDB46DE9BDEF586 /* CDVCamera.m in Sources */,
				A90C95FD771241C7B7116E99 /* CDVJpegHeaderWriter.m in Sources */,
				9BBF68D288CB4216B9A447A2 /* CDVLogger.m in Sources */,
				D358393D7CC14FA0893703AC /* CDVContacts.m in Sources */,
				557BA4AECC1D4160879437F3 /* CDVContact.m in Sources */,
				E03D4B7505254E3D9FDE3E97 /* CDVDevice.m in Sources */,
				727E658046D64FB1A89A2A03 /* CDVAccelerometer.m in Sources */,
				317D553A71A343289D4CEEE3 /* CDVCompass.m in Sources */,
				B7AC0EE5C939432B92014268 /* CDVNotification.m in Sources */,
				7467DDE209B948E9A28BD6D0 /* CDVFile.m in Sources */,
				F50CFB52BB9E44D3B9EB039A /* CDVLocalFilesystem.m in Sources */,
				E2B20751209D4524BB132C20 /* CDVAssetLibraryFilesystem.m in Sources */,
				1ACC768131F647D49BBE0ED7 /* CDVFileTransfer.m in Sources */,
				5BFD93102D5D41AB9135BEF7 /* CDVLocation.m in Sources */,
				CDD065A73E7440F8AC0FB609 /* CDVGlobalization.m in Sources */,
				6E756A09B8F24183BBF736FE /* CDVInAppBrowser.m in Sources */,
				E6A7CFE01FE74E018B6A88AE /* CDVSound.m in Sources */,
				243DA35775834DFAB0BB796E /* CDVCapture.m in Sources */,
				02521ED636A148E5A100EF5A /* CDVConnection.m in Sources */,
				0C1D71544AD74B2C98A2EF46 /* CDVReachability.m in Sources */,
				076920997D194826957E7311 /* CDVSplashScreen.m in Sources */,
				29B26B8A9CCB4070B6C02CB9 /* CDVViewController+SplashScreen.m in Sources */,
				A817C8BD558C46C5AB612319 /* CDVStatusBar.m in Sources */,
				E5B957CE89914F1796A3CEFD /* CDVVibration.m in Sources */,
				729A5B72229A479FBDBD34BB /* CFCallNumber.m in Sources */,
				01E6C7A5EA1C4002B49F3F0C /* ActionSheet.m in Sources */,
				7E2CABECB6504B73A96D2FA6 /* CMMapLauncher.m in Sources */,
				7CB90B4B44D74B7D959E80E4 /* LaunchNavigator.m in Sources */,
				0C87FE3ECF9A454C8826A0EE /* PhoneCaller.m in Sources */,
			);
			runOnlyForDeploymentPostprocessing = 0;
		};
/* End PBXSourcesBuildPhase section */

/* Begin PBXTargetDependency section */
		301BF551109A68C00062928A /* PBXTargetDependency */ = {
			isa = PBXTargetDependency;
			name = CordovaLib;
			targetProxy = 301BF550109A68C00062928A /* PBXContainerItemProxy */;
		};
/* End PBXTargetDependency section */

/* Begin XCBuildConfiguration section */
		1D6058940D05DD3E006BFB54 /* Debug */ = {
			isa = XCBuildConfiguration;
			baseConfigurationReference = 3047A50F1AB8059700498E2A /* build-debug.xcconfig */;
			buildSettings = {
				ALWAYS_SEARCH_USER_PATHS = NO;
				ASSETCATALOG_COMPILER_APPICON_NAME = AppIcon;
				ASSETCATALOG_COMPILER_LAUNCHIMAGE_NAME = LaunchImage;
				CLANG_ENABLE_MODULES = YES;
				CLANG_ENABLE_OBJC_ARC = YES;
				COPY_PHASE_STRIP = NO;
				GCC_DYNAMIC_NO_PIC = NO;
				GCC_OPTIMIZATION_LEVEL = 0;
				GCC_PRECOMPILE_PREFIX_HEADER = YES;
				GCC_PREFIX_HEADER = "PhoneGapRescue/PhoneGapRescue-Prefix.pch";
				GCC_THUMB_SUPPORT = NO;
				GCC_VERSION = "";
				INFOPLIST_FILE = "PhoneGapRescue/PhoneGapRescue-Info.plist";
				IPHONEOS_DEPLOYMENT_TARGET = 8.0;
				LD_RUNPATH_SEARCH_PATHS = "@executable_path/Frameworks";
				PRODUCT_NAME = PhoneGapRescue;
				TARGETED_DEVICE_FAMILY = "1,2";
			};
			name = Debug;
		};
		1D6058950D05DD3E006BFB54 /* Release */ = {
			isa = XCBuildConfiguration;
			baseConfigurationReference = 3047A5101AB8059700498E2A /* build-release.xcconfig */;
			buildSettings = {
				ALWAYS_SEARCH_USER_PATHS = NO;
				ASSETCATALOG_COMPILER_APPICON_NAME = AppIcon;
				ASSETCATALOG_COMPILER_LAUNCHIMAGE_NAME = LaunchImage;
				CLANG_ENABLE_MODULES = YES;
				CLANG_ENABLE_OBJC_ARC = YES;
				COPY_PHASE_STRIP = YES;
				GCC_PRECOMPILE_PREFIX_HEADER = YES;
				GCC_PREFIX_HEADER = "PhoneGapRescue/PhoneGapRescue-Prefix.pch";
				GCC_THUMB_SUPPORT = NO;
				GCC_VERSION = "";
				INFOPLIST_FILE = "PhoneGapRescue/PhoneGapRescue-Info.plist";
				IPHONEOS_DEPLOYMENT_TARGET = 8.0;
				LD_RUNPATH_SEARCH_PATHS = "@executable_path/Frameworks";
				PRODUCT_NAME = PhoneGapRescue;
				TARGETED_DEVICE_FAMILY = "1,2";
			};
			name = Release;
		};
		C01FCF4F08A954540054247B /* Debug */ = {
			isa = XCBuildConfiguration;
			baseConfigurationReference = 3047A5111AB8059700498E2A /* build.xcconfig */;
			buildSettings = {
				ASSETCATALOG_COMPILER_LAUNCHIMAGE_NAME = LaunchImage;
				CLANG_ENABLE_MODULES = YES;
				CLANG_ENABLE_OBJC_ARC = YES;
				CLANG_WARN_BOOL_CONVERSION = YES;
				CLANG_WARN_CONSTANT_CONVERSION = YES;
				CLANG_WARN_EMPTY_BODY = YES;
				CLANG_WARN_ENUM_CONVERSION = YES;
				CLANG_WARN_INT_CONVERSION = YES;
				CLANG_WARN__DUPLICATE_METHOD_MATCH = YES;
				GCC_C_LANGUAGE_STANDARD = c99;
				GCC_THUMB_SUPPORT = NO;
				GCC_VERSION = "";
				GCC_WARN_ABOUT_RETURN_TYPE = YES;
				GCC_WARN_UNDECLARED_SELECTOR = YES;
				GCC_WARN_UNINITIALIZED_AUTOS = YES;
				GCC_WARN_UNUSED_FUNCTION = YES;
				GCC_WARN_UNUSED_VARIABLE = YES;
				ONLY_ACTIVE_ARCH = YES;
				SDKROOT = iphoneos;
				SKIP_INSTALL = NO;
				TARGETED_DEVICE_FAMILY = "1,2";
			};
			name = Debug;
		};
		C01FCF5008A954540054247B /* Release */ = {
			isa = XCBuildConfiguration;
			baseConfigurationReference = 3047A5111AB8059700498E2A /* build.xcconfig */;
			buildSettings = {
				ASSETCATALOG_COMPILER_LAUNCHIMAGE_NAME = LaunchImage;
				CLANG_ENABLE_MODULES = YES;
				CLANG_ENABLE_OBJC_ARC = YES;
				CLANG_WARN_BOOL_CONVERSION = YES;
				CLANG_WARN_CONSTANT_CONVERSION = YES;
				CLANG_WARN_EMPTY_BODY = YES;
				CLANG_WARN_ENUM_CONVERSION = YES;
				CLANG_WARN_INT_CONVERSION = YES;
				CLANG_WARN__DUPLICATE_METHOD_MATCH = YES;
				GCC_C_LANGUAGE_STANDARD = c99;
				GCC_THUMB_SUPPORT = NO;
				GCC_VERSION = "";
				GCC_WARN_ABOUT_RETURN_TYPE = YES;
				GCC_WARN_UNDECLARED_SELECTOR = YES;
				GCC_WARN_UNINITIALIZED_AUTOS = YES;
				GCC_WARN_UNUSED_FUNCTION = YES;
				GCC_WARN_UNUSED_VARIABLE = YES;
				SDKROOT = iphoneos;
				SKIP_INSTALL = NO;
				TARGETED_DEVICE_FAMILY = "1,2";
			};
			name = Release;
		};
/* End XCBuildConfiguration section */

/* Begin XCConfigurationList section */
		1D6058960D05DD3E006BFB54 /* Build configuration list for PBXNativeTarget "PhoneGapRescue" */ = {
			isa = XCConfigurationList;
			buildConfigurations = (
				1D6058940D05DD3E006BFB54 /* Debug */,
				1D6058950D05DD3E006BFB54 /* Release */,
			);
			defaultConfigurationIsVisible = 0;
			defaultConfigurationName = Release;
		};
		C01FCF4E08A954540054247B /* Build configuration list for PBXProject "PhoneGapRescue" */ = {
			isa = XCConfigurationList;
			buildConfigurations = (
				C01FCF4F08A954540054247B /* Debug */,
				C01FCF5008A954540054247B /* Release */,
			);
			defaultConfigurationIsVisible = 0;
			defaultConfigurationName = Release;
		};
/* End XCConfigurationList section */
	};
	rootObject = 29B97313FDCFA39411CA2CEA /* Project object */;
}
